// !$*UTF8*$!
{
	archiveVersion = 1;
	classes = {
	};
	objectVersion = 51;
	objects = {

/* Begin PBXBuildFile section */
		08988C7B23D5E27600BAA135 /* AppDelegate.swift in Sources */ = {isa = PBXBuildFile; fileRef = 08988C7A23D5E27600BAA135 /* AppDelegate.swift */; };
		08988C7D23D5E27600BAA135 /* SceneDelegate.swift in Sources */ = {isa = PBXBuildFile; fileRef = 08988C7C23D5E27600BAA135 /* SceneDelegate.swift */; };
		08988C7F23D5E27600BAA135 /* ViewController.swift in Sources */ = {isa = PBXBuildFile; fileRef = 08988C7E23D5E27600BAA135 /* ViewController.swift */; };
		08988C8223D5E27600BAA135 /* Main.storyboard in Resources */ = {isa = PBXBuildFile; fileRef = 08988C8023D5E27600BAA135 /* Main.storyboard */; };
		08988C8423D5E27A00BAA135 /* Assets.xcassets in Resources */ = {isa = PBXBuildFile; fileRef = 08988C8323D5E27A00BAA135 /* Assets.xcassets */; };
		08988C8723D5E27A00BAA135 /* LaunchScreen.storyboard in Resources */ = {isa = PBXBuildFile; fileRef = 08988C8523D5E27A00BAA135 /* LaunchScreen.storyboard */; };
		08988C9223D5E27A00BAA135 /* HiraganaTranslatorTests.swift in Sources */ = {isa = PBXBuildFile; fileRef = 08988C9123D5E27A00BAA135 /* HiraganaTranslatorTests.swift */; };
		08A9AC2B23D5EF5D00C3DAE5 /* RxSwift.framework in Frameworks */ = {isa = PBXBuildFile; fileRef = 08A9AC2123D5EF5C00C3DAE5 /* RxSwift.framework */; };
		08A9AC3523D5EF5D00C3DAE5 /* RxRelay.framework in Frameworks */ = {isa = PBXBuildFile; fileRef = 08A9AC2623D5EF5C00C3DAE5 /* RxRelay.framework */; };
		08A9AC3723D5EF5D00C3DAE5 /* SnapKit.framework in Frameworks */ = {isa = PBXBuildFile; fileRef = 08A9AC2723D5EF5C00C3DAE5 /* SnapKit.framework */; };
		08A9AC3923D5EF5D00C3DAE5 /* Swinject.framework in Frameworks */ = {isa = PBXBuildFile; fileRef = 08A9AC2823D5EF5C00C3DAE5 /* Swinject.framework */; };
		08A9AC3B23D5EF5D00C3DAE5 /* SwinjectAutoregistration.framework in Frameworks */ = {isa = PBXBuildFile; fileRef = 08A9AC2923D5EF5C00C3DAE5 /* SwinjectAutoregistration.framework */; };
		08A9AC4123D5F30100C3DAE5 /* Alamofire.framework in Frameworks */ = {isa = PBXBuildFile; fileRef = 08A9AC2523D5EF5C00C3DAE5 /* Alamofire.framework */; };
		08A9AC4423D5F30300C3DAE5 /* RxAlamofire.framework in Frameworks */ = {isa = PBXBuildFile; fileRef = 08A9AC2323D5EF5C00C3DAE5 /* RxAlamofire.framework */; };
		08A9AC4823D5F30700C3DAE5 /* RxCocoa.framework in Frameworks */ = {isa = PBXBuildFile; fileRef = 08A9AC2223D5EF5C00C3DAE5 /* RxCocoa.framework */; };
		08A9AC4A23D5F30800C3DAE5 /* RxOptional.framework in Frameworks */ = {isa = PBXBuildFile; fileRef = 08A9AC2A23D5EF5C00C3DAE5 /* RxOptional.framework */; };
		08A9AC4F23D5F59000C3DAE5 /* R.generated.swift in Sources */ = {isa = PBXBuildFile; fileRef = 08A9AC4E23D5F59000C3DAE5 /* R.generated.swift */; };
		8BA658A93BB104600B89966B /* Pods_HiraganaTranslator.framework in Frameworks */ = {isa = PBXBuildFile; fileRef = 1A9EB700DB6250E3F07B3D31 /* Pods_HiraganaTranslator.framework */; };
		EC39BEDE74EBB97268681E6F /* Pods_HiraganaTranslatorTests.framework in Frameworks */ = {isa = PBXBuildFile; fileRef = EECED8D85EEFBB8E17B46E22 /* Pods_HiraganaTranslatorTests.framework */; };
/* End PBXBuildFile section */

/* Begin PBXContainerItemProxy section */
		08988C8E23D5E27A00BAA135 /* PBXContainerItemProxy */ = {
			isa = PBXContainerItemProxy;
			containerPortal = 08988C6F23D5E27600BAA135 /* Project object */;
			proxyType = 1;
			remoteGlobalIDString = 08988C7623D5E27600BAA135;
			remoteInfo = HiraganaTranslator;
		};
/* End PBXContainerItemProxy section */

/* Begin PBXFileReference section */
		06B0DB1E939CAFA15A0C11F0 /* Pods-HiraganaTranslator.release.xcconfig */ = {isa = PBXFileReference; includeInIndex = 1; lastKnownFileType = text.xcconfig; name = "Pods-HiraganaTranslator.release.xcconfig"; path = "Target Support Files/Pods-HiraganaTranslator/Pods-HiraganaTranslator.release.xcconfig"; sourceTree = "<group>"; };
		08988C7723D5E27600BAA135 /* HiraganaTranslator.app */ = {isa = PBXFileReference; explicitFileType = wrapper.application; includeInIndex = 0; path = HiraganaTranslator.app; sourceTree = BUILT_PRODUCTS_DIR; };
		08988C7A23D5E27600BAA135 /* AppDelegate.swift */ = {isa = PBXFileReference; lastKnownFileType = sourcecode.swift; path = AppDelegate.swift; sourceTree = "<group>"; };
		08988C7C23D5E27600BAA135 /* SceneDelegate.swift */ = {isa = PBXFileReference; lastKnownFileType = sourcecode.swift; path = SceneDelegate.swift; sourceTree = "<group>"; };
		08988C7E23D5E27600BAA135 /* ViewController.swift */ = {isa = PBXFileReference; lastKnownFileType = sourcecode.swift; path = ViewController.swift; sourceTree = "<group>"; };
		08988C8123D5E27600BAA135 /* Base */ = {isa = PBXFileReference; lastKnownFileType = file.storyboard; name = Base; path = Base.lproj/Main.storyboard; sourceTree = "<group>"; };
		08988C8323D5E27A00BAA135 /* Assets.xcassets */ = {isa = PBXFileReference; lastKnownFileType = folder.assetcatalog; path = Assets.xcassets; sourceTree = "<group>"; };
		08988C8623D5E27A00BAA135 /* Base */ = {isa = PBXFileReference; lastKnownFileType = file.storyboard; name = Base; path = Base.lproj/LaunchScreen.storyboard; sourceTree = "<group>"; };
		08988C8823D5E27A00BAA135 /* Info.plist */ = {isa = PBXFileReference; lastKnownFileType = text.plist.xml; path = Info.plist; sourceTree = "<group>"; };
		08988C8D23D5E27A00BAA135 /* HiraganaTranslatorTests.xctest */ = {isa = PBXFileReference; explicitFileType = wrapper.cfbundle; includeInIndex = 0; path = HiraganaTranslatorTests.xctest; sourceTree = BUILT_PRODUCTS_DIR; };
		08988C9123D5E27A00BAA135 /* HiraganaTranslatorTests.swift */ = {isa = PBXFileReference; lastKnownFileType = sourcecode.swift; path = HiraganaTranslatorTests.swift; sourceTree = "<group>"; };
		08988C9323D5E27A00BAA135 /* Info.plist */ = {isa = PBXFileReference; lastKnownFileType = text.plist.xml; path = Info.plist; sourceTree = "<group>"; };
		08A9AC2123D5EF5C00C3DAE5 /* RxSwift.framework */ = {isa = PBXFileReference; lastKnownFileType = wrapper.framework; name = RxSwift.framework; path = Carthage/Build/iOS/RxSwift.framework; sourceTree = "<group>"; };
		08A9AC2223D5EF5C00C3DAE5 /* RxCocoa.framework */ = {isa = PBXFileReference; lastKnownFileType = wrapper.framework; name = RxCocoa.framework; path = Carthage/Build/iOS/RxCocoa.framework; sourceTree = "<group>"; };
		08A9AC2323D5EF5C00C3DAE5 /* RxAlamofire.framework */ = {isa = PBXFileReference; lastKnownFileType = wrapper.framework; name = RxAlamofire.framework; path = Carthage/Build/iOS/RxAlamofire.framework; sourceTree = "<group>"; };
		08A9AC2423D5EF5C00C3DAE5 /* RxBlocking.framework */ = {isa = PBXFileReference; lastKnownFileType = wrapper.framework; name = RxBlocking.framework; path = Carthage/Build/iOS/RxBlocking.framework; sourceTree = "<group>"; };
		08A9AC2523D5EF5C00C3DAE5 /* Alamofire.framework */ = {isa = PBXFileReference; lastKnownFileType = wrapper.framework; name = Alamofire.framework; path = Carthage/Build/iOS/Alamofire.framework; sourceTree = "<group>"; };
		08A9AC2623D5EF5C00C3DAE5 /* RxRelay.framework */ = {isa = PBXFileReference; lastKnownFileType = wrapper.framework; name = RxRelay.framework; path = Carthage/Build/iOS/RxRelay.framework; sourceTree = "<group>"; };
		08A9AC2723D5EF5C00C3DAE5 /* SnapKit.framework */ = {isa = PBXFileReference; lastKnownFileType = wrapper.framework; name = SnapKit.framework; path = Carthage/Build/iOS/SnapKit.framework; sourceTree = "<group>"; };
		08A9AC2823D5EF5C00C3DAE5 /* Swinject.framework */ = {isa = PBXFileReference; lastKnownFileType = wrapper.framework; name = Swinject.framework; path = Carthage/Build/iOS/Swinject.framework; sourceTree = "<group>"; };
		08A9AC2923D5EF5C00C3DAE5 /* SwinjectAutoregistration.framework */ = {isa = PBXFileReference; lastKnownFileType = wrapper.framework; name = SwinjectAutoregistration.framework; path = Carthage/Build/iOS/SwinjectAutoregistration.framework; sourceTree = "<group>"; };
		08A9AC2A23D5EF5C00C3DAE5 /* RxOptional.framework */ = {isa = PBXFileReference; lastKnownFileType = wrapper.framework; name = RxOptional.framework; path = Carthage/Build/iOS/RxOptional.framework; sourceTree = "<group>"; };
		08A9AC4E23D5F59000C3DAE5 /* R.generated.swift */ = {isa = PBXFileReference; fileEncoding = 4; lastKnownFileType = sourcecode.swift; path = R.generated.swift; sourceTree = "<group>"; };
		08A9AC5523D600A200C3DAE5 /* Debug.xcconfig */ = {isa = PBXFileReference; lastKnownFileType = text.xcconfig; path = Debug.xcconfig; sourceTree = "<group>"; };
		08A9AC5623D600B900C3DAE5 /* Debug-Stub.xcconfig */ = {isa = PBXFileReference; lastKnownFileType = text.xcconfig; path = "Debug-Stub.xcconfig"; sourceTree = "<group>"; };
		08A9AC5723D600C500C3DAE5 /* Release.xcconfig */ = {isa = PBXFileReference; lastKnownFileType = text.xcconfig; path = Release.xcconfig; sourceTree = "<group>"; };
		1A0406D1DAEA05C3697F5761 /* Pods-HiraganaTranslator.debug.xcconfig */ = {isa = PBXFileReference; includeInIndex = 1; lastKnownFileType = text.xcconfig; name = "Pods-HiraganaTranslator.debug.xcconfig"; path = "Target Support Files/Pods-HiraganaTranslator/Pods-HiraganaTranslator.debug.xcconfig"; sourceTree = "<group>"; };
		1A9EB700DB6250E3F07B3D31 /* Pods_HiraganaTranslator.framework */ = {isa = PBXFileReference; explicitFileType = wrapper.framework; includeInIndex = 0; path = Pods_HiraganaTranslator.framework; sourceTree = BUILT_PRODUCTS_DIR; };
		4B7B19D23C14E2126A848D45 /* Pods-HiraganaTranslatorTests.release.xcconfig */ = {isa = PBXFileReference; includeInIndex = 1; lastKnownFileType = text.xcconfig; name = "Pods-HiraganaTranslatorTests.release.xcconfig"; path = "Target Support Files/Pods-HiraganaTranslatorTests/Pods-HiraganaTranslatorTests.release.xcconfig"; sourceTree = "<group>"; };
		566DC8C0485EE8977C217298 /* Pods-HiraganaTranslator.debug-stub.xcconfig */ = {isa = PBXFileReference; includeInIndex = 1; lastKnownFileType = text.xcconfig; name = "Pods-HiraganaTranslator.debug-stub.xcconfig"; path = "Target Support Files/Pods-HiraganaTranslator/Pods-HiraganaTranslator.debug-stub.xcconfig"; sourceTree = "<group>"; };
		5FEC31C01376C2DD0DFFAB83 /* Pods-HiraganaTranslatorTests.debug-stub.xcconfig */ = {isa = PBXFileReference; includeInIndex = 1; lastKnownFileType = text.xcconfig; name = "Pods-HiraganaTranslatorTests.debug-stub.xcconfig"; path = "Target Support Files/Pods-HiraganaTranslatorTests/Pods-HiraganaTranslatorTests.debug-stub.xcconfig"; sourceTree = "<group>"; };
		EECED8D85EEFBB8E17B46E22 /* Pods_HiraganaTranslatorTests.framework */ = {isa = PBXFileReference; explicitFileType = wrapper.framework; includeInIndex = 0; path = Pods_HiraganaTranslatorTests.framework; sourceTree = BUILT_PRODUCTS_DIR; };
		F6D9B96279B959B8F0300CE5 /* Pods-HiraganaTranslatorTests.debug.xcconfig */ = {isa = PBXFileReference; includeInIndex = 1; lastKnownFileType = text.xcconfig; name = "Pods-HiraganaTranslatorTests.debug.xcconfig"; path = "Target Support Files/Pods-HiraganaTranslatorTests/Pods-HiraganaTranslatorTests.debug.xcconfig"; sourceTree = "<group>"; };
/* End PBXFileReference section */

/* Begin PBXFrameworksBuildPhase section */
		08988C7423D5E27600BAA135 /* Frameworks */ = {
			isa = PBXFrameworksBuildPhase;
			buildActionMask = 2147483647;
			files = (
				08A9AC2B23D5EF5D00C3DAE5 /* RxSwift.framework in Frameworks */,
				08A9AC3523D5EF5D00C3DAE5 /* RxRelay.framework in Frameworks */,
				08A9AC3B23D5EF5D00C3DAE5 /* SwinjectAutoregistration.framework in Frameworks */,
				8BA658A93BB104600B89966B /* Pods_HiraganaTranslator.framework in Frameworks */,
				08A9AC4123D5F30100C3DAE5 /* Alamofire.framework in Frameworks */,
				08A9AC3923D5EF5D00C3DAE5 /* Swinject.framework in Frameworks */,
				08A9AC4A23D5F30800C3DAE5 /* RxOptional.framework in Frameworks */,
				08A9AC3723D5EF5D00C3DAE5 /* SnapKit.framework in Frameworks */,
				08A9AC4823D5F30700C3DAE5 /* RxCocoa.framework in Frameworks */,
				08A9AC4423D5F30300C3DAE5 /* RxAlamofire.framework in Frameworks */,
			);
			runOnlyForDeploymentPostprocessing = 0;
		};
		08988C8A23D5E27A00BAA135 /* Frameworks */ = {
			isa = PBXFrameworksBuildPhase;
			buildActionMask = 2147483647;
			files = (
				EC39BEDE74EBB97268681E6F /* Pods_HiraganaTranslatorTests.framework in Frameworks */,
			);
			runOnlyForDeploymentPostprocessing = 0;
		};
/* End PBXFrameworksBuildPhase section */

/* Begin PBXGroup section */
		08988C6E23D5E27600BAA135 = {
			isa = PBXGroup;
			children = (
				08988C7923D5E27600BAA135 /* HiraganaTranslator */,
				08988C9023D5E27A00BAA135 /* HiraganaTranslatorTests */,
				08988C7823D5E27600BAA135 /* Products */,
				08A9AC5423D6008200C3DAE5 /* Config */,
				DEB8C712E248728D8F9595A1 /* Pods */,
				A0A8EF0F5FA4BC37D28C5F49 /* Frameworks */,
			);
			sourceTree = "<group>";
		};
		08988C7823D5E27600BAA135 /* Products */ = {
			isa = PBXGroup;
			children = (
				08988C7723D5E27600BAA135 /* HiraganaTranslator.app */,
				08988C8D23D5E27A00BAA135 /* HiraganaTranslatorTests.xctest */,
			);
			name = Products;
			sourceTree = "<group>";
		};
		08988C7923D5E27600BAA135 /* HiraganaTranslator */ = {
			isa = PBXGroup;
			children = (
				08988C7A23D5E27600BAA135 /* AppDelegate.swift */,
				08988C7C23D5E27600BAA135 /* SceneDelegate.swift */,
				08988C7E23D5E27600BAA135 /* ViewController.swift */,
				08988C8023D5E27600BAA135 /* Main.storyboard */,
				08988C8323D5E27A00BAA135 /* Assets.xcassets */,
				08988C8523D5E27A00BAA135 /* LaunchScreen.storyboard */,
				08988C8823D5E27A00BAA135 /* Info.plist */,
				08A9AC4C23D5F55400C3DAE5 /* generated */,
			);
			path = HiraganaTranslator;
			sourceTree = "<group>";
		};
		08988C9023D5E27A00BAA135 /* HiraganaTranslatorTests */ = {
			isa = PBXGroup;
			children = (
				08988C9123D5E27A00BAA135 /* HiraganaTranslatorTests.swift */,
				08988C9323D5E27A00BAA135 /* Info.plist */,
			);
			path = HiraganaTranslatorTests;
			sourceTree = "<group>";
		};
		08A9AC4C23D5F55400C3DAE5 /* generated */ = {
			isa = PBXGroup;
			children = (
				08A9AC4E23D5F59000C3DAE5 /* R.generated.swift */,
			);
			path = generated;
			sourceTree = "<group>";
		};
		08A9AC5423D6008200C3DAE5 /* Config */ = {
			isa = PBXGroup;
			children = (
				08A9AC5523D600A200C3DAE5 /* Debug.xcconfig */,
				08A9AC5623D600B900C3DAE5 /* Debug-Stub.xcconfig */,
				08A9AC5723D600C500C3DAE5 /* Release.xcconfig */,
			);
			path = Config;
			sourceTree = "<group>";
		};
		A0A8EF0F5FA4BC37D28C5F49 /* Frameworks */ = {
			isa = PBXGroup;
			children = (
				08A9AC2523D5EF5C00C3DAE5 /* Alamofire.framework */,
				08A9AC2323D5EF5C00C3DAE5 /* RxAlamofire.framework */,
				08A9AC2423D5EF5C00C3DAE5 /* RxBlocking.framework */,
				08A9AC2223D5EF5C00C3DAE5 /* RxCocoa.framework */,
				08A9AC2A23D5EF5C00C3DAE5 /* RxOptional.framework */,
				08A9AC2623D5EF5C00C3DAE5 /* RxRelay.framework */,
				08A9AC2123D5EF5C00C3DAE5 /* RxSwift.framework */,
				08A9AC2723D5EF5C00C3DAE5 /* SnapKit.framework */,
				08A9AC2823D5EF5C00C3DAE5 /* Swinject.framework */,
				08A9AC2923D5EF5C00C3DAE5 /* SwinjectAutoregistration.framework */,
				1A9EB700DB6250E3F07B3D31 /* Pods_HiraganaTranslator.framework */,
				EECED8D85EEFBB8E17B46E22 /* Pods_HiraganaTranslatorTests.framework */,
			);
			name = Frameworks;
			sourceTree = "<group>";
		};
		DEB8C712E248728D8F9595A1 /* Pods */ = {
			isa = PBXGroup;
			children = (
				1A0406D1DAEA05C3697F5761 /* Pods-HiraganaTranslator.debug.xcconfig */,
				06B0DB1E939CAFA15A0C11F0 /* Pods-HiraganaTranslator.release.xcconfig */,
				F6D9B96279B959B8F0300CE5 /* Pods-HiraganaTranslatorTests.debug.xcconfig */,
				4B7B19D23C14E2126A848D45 /* Pods-HiraganaTranslatorTests.release.xcconfig */,
				566DC8C0485EE8977C217298 /* Pods-HiraganaTranslator.debug-stub.xcconfig */,
				5FEC31C01376C2DD0DFFAB83 /* Pods-HiraganaTranslatorTests.debug-stub.xcconfig */,
			);
			path = Pods;
			sourceTree = "<group>";
		};
/* End PBXGroup section */

/* Begin PBXNativeTarget section */
		08988C7623D5E27600BAA135 /* HiraganaTranslator */ = {
			isa = PBXNativeTarget;
			buildConfigurationList = 08988C9623D5E27A00BAA135 /* Build configuration list for PBXNativeTarget "HiraganaTranslator" */;
			buildPhases = (
				43CEC780DDE62B360512A757 /* [CP] Check Pods Manifest.lock */,
				08A9AC4D23D5F56100C3DAE5 /* R.swift */,
				08988C7323D5E27600BAA135 /* Sources */,
				08A9AC5023D5F5B300C3DAE5 /* Swiftlint */,
				08988C7423D5E27600BAA135 /* Frameworks */,
				08988C7523D5E27600BAA135 /* Resources */,
				429D5B3D7D07A4067A92B824 /* [CP] Embed Pods Frameworks */,
				08A9AC4023D5F08200C3DAE5 /* Carthage */,
			);
			buildRules = (
			);
			dependencies = (
			);
			name = HiraganaTranslator;
			productName = HiraganaTranslator;
			productReference = 08988C7723D5E27600BAA135 /* HiraganaTranslator.app */;
			productType = "com.apple.product-type.application";
		};
		08988C8C23D5E27A00BAA135 /* HiraganaTranslatorTests */ = {
			isa = PBXNativeTarget;
			buildConfigurationList = 08988C9923D5E27A00BAA135 /* Build configuration list for PBXNativeTarget "HiraganaTranslatorTests" */;
			buildPhases = (
				828C6C477D38C4FDB74DCF7D /* [CP] Check Pods Manifest.lock */,
				08988C8923D5E27A00BAA135 /* Sources */,
				08988C8A23D5E27A00BAA135 /* Frameworks */,
				08988C8B23D5E27A00BAA135 /* Resources */,
				04F33428EB57F7B1A61B1930 /* [CP] Embed Pods Frameworks */,
			);
			buildRules = (
			);
			dependencies = (
				08988C8F23D5E27A00BAA135 /* PBXTargetDependency */,
			);
			name = HiraganaTranslatorTests;
			productName = HiraganaTranslatorTests;
			productReference = 08988C8D23D5E27A00BAA135 /* HiraganaTranslatorTests.xctest */;
			productType = "com.apple.product-type.bundle.unit-test";
		};
/* End PBXNativeTarget section */

/* Begin PBXProject section */
		08988C6F23D5E27600BAA135 /* Project object */ = {
			isa = PBXProject;
			attributes = {
				LastSwiftUpdateCheck = 1130;
				LastUpgradeCheck = 1130;
				ORGANIZATIONNAME = "Yohta Watanave";
				TargetAttributes = {
					08988C7623D5E27600BAA135 = {
						CreatedOnToolsVersion = 11.3;
					};
					08988C8C23D5E27A00BAA135 = {
						CreatedOnToolsVersion = 11.3;
						TestTargetID = 08988C7623D5E27600BAA135;
					};
				};
			};
			buildConfigurationList = 08988C7223D5E27600BAA135 /* Build configuration list for PBXProject "HiraganaTranslator" */;
			compatibilityVersion = "Xcode 9.3";
			developmentRegion = en;
			hasScannedForEncodings = 0;
			knownRegions = (
				en,
				Base,
			);
			mainGroup = 08988C6E23D5E27600BAA135;
			productRefGroup = 08988C7823D5E27600BAA135 /* Products */;
			projectDirPath = "";
			projectRoot = "";
			targets = (
				08988C7623D5E27600BAA135 /* HiraganaTranslator */,
				08988C8C23D5E27A00BAA135 /* HiraganaTranslatorTests */,
			);
		};
/* End PBXProject section */

/* Begin PBXResourcesBuildPhase section */
		08988C7523D5E27600BAA135 /* Resources */ = {
			isa = PBXResourcesBuildPhase;
			buildActionMask = 2147483647;
			files = (
				08988C8723D5E27A00BAA135 /* LaunchScreen.storyboard in Resources */,
				08988C8423D5E27A00BAA135 /* Assets.xcassets in Resources */,
				08988C8223D5E27600BAA135 /* Main.storyboard in Resources */,
			);
			runOnlyForDeploymentPostprocessing = 0;
		};
		08988C8B23D5E27A00BAA135 /* Resources */ = {
			isa = PBXResourcesBuildPhase;
			buildActionMask = 2147483647;
			files = (
			);
			runOnlyForDeploymentPostprocessing = 0;
		};
/* End PBXResourcesBuildPhase section */

/* Begin PBXShellScriptBuildPhase section */
		04F33428EB57F7B1A61B1930 /* [CP] Embed Pods Frameworks */ = {
			isa = PBXShellScriptBuildPhase;
			buildActionMask = 2147483647;
			files = (
			);
			inputFileListPaths = (
				"${PODS_ROOT}/Target Support Files/Pods-HiraganaTranslatorTests/Pods-HiraganaTranslatorTests-frameworks-${CONFIGURATION}-input-files.xcfilelist",
			);
			name = "[CP] Embed Pods Frameworks";
			outputFileListPaths = (
				"${PODS_ROOT}/Target Support Files/Pods-HiraganaTranslatorTests/Pods-HiraganaTranslatorTests-frameworks-${CONFIGURATION}-output-files.xcfilelist",
			);
			runOnlyForDeploymentPostprocessing = 0;
			shellPath = /bin/sh;
			shellScript = "\"${PODS_ROOT}/Target Support Files/Pods-HiraganaTranslatorTests/Pods-HiraganaTranslatorTests-frameworks.sh\"\n";
			showEnvVarsInLog = 0;
		};
		08A9AC4023D5F08200C3DAE5 /* Carthage */ = {
			isa = PBXShellScriptBuildPhase;
			buildActionMask = 2147483647;
			files = (
			);
			inputFileListPaths = (
				"$(SRCROOT)/input.xcfilelist",
			);
			inputPaths = (
			);
			name = Carthage;
			outputFileListPaths = (
				"$(SRCROOT)/output.xcfilelist",
			);
			outputPaths = (
			);
			runOnlyForDeploymentPostprocessing = 0;
			shellPath = /bin/sh;
			shellScript = "/usr/local/bin/carthage copy-frameworks\n";
		};
		08A9AC4D23D5F56100C3DAE5 /* R.swift */ = {
			isa = PBXShellScriptBuildPhase;
			buildActionMask = 2147483647;
			files = (
			);
			inputFileListPaths = (
			);
			inputPaths = (
				"$TEMP_DIR/rswift-lastrun",
			);
			name = R.swift;
			outputFileListPaths = (
			);
			outputPaths = (
				$SRCROOT/$PRODUCT_NAME/generated/R.generated.swift,
			);
			runOnlyForDeploymentPostprocessing = 0;
			shellPath = /bin/sh;
			shellScript = "$PODS_ROOT/R.swift/rswift generate $SRCROOT/$PRODUCT_NAME/generated/R.generated.swift\n";
		};
		08A9AC5023D5F5B300C3DAE5 /* Swiftlint */ = {
			isa = PBXShellScriptBuildPhase;
			buildActionMask = 2147483647;
			files = (
			);
			inputFileListPaths = (
			);
			inputPaths = (
			);
			name = Swiftlint;
			outputFileListPaths = (
			);
			outputPaths = (
			);
			runOnlyForDeploymentPostprocessing = 0;
			shellPath = /bin/sh;
			shellScript = "${PODS_ROOT}/SwiftLint/swiftlint\n";
		};
		429D5B3D7D07A4067A92B824 /* [CP] Embed Pods Frameworks */ = {
			isa = PBXShellScriptBuildPhase;
			buildActionMask = 2147483647;
			files = (
			);
			inputFileListPaths = (
				"${PODS_ROOT}/Target Support Files/Pods-HiraganaTranslator/Pods-HiraganaTranslator-frameworks-${CONFIGURATION}-input-files.xcfilelist",
			);
			name = "[CP] Embed Pods Frameworks";
			outputFileListPaths = (
				"${PODS_ROOT}/Target Support Files/Pods-HiraganaTranslator/Pods-HiraganaTranslator-frameworks-${CONFIGURATION}-output-files.xcfilelist",
			);
			runOnlyForDeploymentPostprocessing = 0;
			shellPath = /bin/sh;
			shellScript = "\"${PODS_ROOT}/Target Support Files/Pods-HiraganaTranslator/Pods-HiraganaTranslator-frameworks.sh\"\n";
			showEnvVarsInLog = 0;
		};
		43CEC780DDE62B360512A757 /* [CP] Check Pods Manifest.lock */ = {
			isa = PBXShellScriptBuildPhase;
			buildActionMask = 2147483647;
			files = (
			);
			inputFileListPaths = (
			);
			inputPaths = (
				"${PODS_PODFILE_DIR_PATH}/Podfile.lock",
				"${PODS_ROOT}/Manifest.lock",
			);
			name = "[CP] Check Pods Manifest.lock";
			outputFileListPaths = (
			);
			outputPaths = (
				"$(DERIVED_FILE_DIR)/Pods-HiraganaTranslator-checkManifestLockResult.txt",
			);
			runOnlyForDeploymentPostprocessing = 0;
			shellPath = /bin/sh;
			shellScript = "diff \"${PODS_PODFILE_DIR_PATH}/Podfile.lock\" \"${PODS_ROOT}/Manifest.lock\" > /dev/null\nif [ $? != 0 ] ; then\n    # print error to STDERR\n    echo \"error: The sandbox is not in sync with the Podfile.lock. Run 'pod install' or update your CocoaPods installation.\" >&2\n    exit 1\nfi\n# This output is used by Xcode 'outputs' to avoid re-running this script phase.\necho \"SUCCESS\" > \"${SCRIPT_OUTPUT_FILE_0}\"\n";
			showEnvVarsInLog = 0;
		};
		828C6C477D38C4FDB74DCF7D /* [CP] Check Pods Manifest.lock */ = {
			isa = PBXShellScriptBuildPhase;
			buildActionMask = 2147483647;
			files = (
			);
			inputFileListPaths = (
			);
			inputPaths = (
				"${PODS_PODFILE_DIR_PATH}/Podfile.lock",
				"${PODS_ROOT}/Manifest.lock",
			);
			name = "[CP] Check Pods Manifest.lock";
			outputFileListPaths = (
			);
			outputPaths = (
				"$(DERIVED_FILE_DIR)/Pods-HiraganaTranslatorTests-checkManifestLockResult.txt",
			);
			runOnlyForDeploymentPostprocessing = 0;
			shellPath = /bin/sh;
			shellScript = "diff \"${PODS_PODFILE_DIR_PATH}/Podfile.lock\" \"${PODS_ROOT}/Manifest.lock\" > /dev/null\nif [ $? != 0 ] ; then\n    # print error to STDERR\n    echo \"error: The sandbox is not in sync with the Podfile.lock. Run 'pod install' or update your CocoaPods installation.\" >&2\n    exit 1\nfi\n# This output is used by Xcode 'outputs' to avoid re-running this script phase.\necho \"SUCCESS\" > \"${SCRIPT_OUTPUT_FILE_0}\"\n";
			showEnvVarsInLog = 0;
		};
/* End PBXShellScriptBuildPhase section */

/* Begin PBXSourcesBuildPhase section */
		08988C7323D5E27600BAA135 /* Sources */ = {
			isa = PBXSourcesBuildPhase;
			buildActionMask = 2147483647;
			files = (
				08988C7F23D5E27600BAA135 /* ViewController.swift in Sources */,
				08988C7B23D5E27600BAA135 /* AppDelegate.swift in Sources */,
				08988C7D23D5E27600BAA135 /* SceneDelegate.swift in Sources */,
				08A9AC4F23D5F59000C3DAE5 /* R.generated.swift in Sources */,
			);
			runOnlyForDeploymentPostprocessing = 0;
		};
		08988C8923D5E27A00BAA135 /* Sources */ = {
			isa = PBXSourcesBuildPhase;
			buildActionMask = 2147483647;
			files = (
				08988C9223D5E27A00BAA135 /* HiraganaTranslatorTests.swift in Sources */,
			);
			runOnlyForDeploymentPostprocessing = 0;
		};
/* End PBXSourcesBuildPhase section */

/* Begin PBXTargetDependency section */
		08988C8F23D5E27A00BAA135 /* PBXTargetDependency */ = {
			isa = PBXTargetDependency;
			target = 08988C7623D5E27600BAA135 /* HiraganaTranslator */;
			targetProxy = 08988C8E23D5E27A00BAA135 /* PBXContainerItemProxy */;
		};
/* End PBXTargetDependency section */

/* Begin PBXVariantGroup section */
		08988C8023D5E27600BAA135 /* Main.storyboard */ = {
			isa = PBXVariantGroup;
			children = (
				08988C8123D5E27600BAA135 /* Base */,
			);
			name = Main.storyboard;
			sourceTree = "<group>";
		};
		08988C8523D5E27A00BAA135 /* LaunchScreen.storyboard */ = {
			isa = PBXVariantGroup;
			children = (
				08988C8623D5E27A00BAA135 /* Base */,
			);
			name = LaunchScreen.storyboard;
			sourceTree = "<group>";
		};
/* End PBXVariantGroup section */

/* Begin XCBuildConfiguration section */
		08988C9423D5E27A00BAA135 /* Debug */ = {
			isa = XCBuildConfiguration;
			baseConfigurationReference = 08A9AC5523D600A200C3DAE5 /* Debug.xcconfig */;
			buildSettings = {
				ALWAYS_SEARCH_USER_PATHS = NO;
				CLANG_ANALYZER_NONNULL = YES;
				CLANG_ANALYZER_NUMBER_OBJECT_CONVERSION = YES_AGGRESSIVE;
				CLANG_CXX_LANGUAGE_STANDARD = "gnu++14";
				CLANG_CXX_LIBRARY = "libc++";
				CLANG_ENABLE_MODULES = YES;
				CLANG_ENABLE_OBJC_ARC = YES;
				CLANG_ENABLE_OBJC_WEAK = YES;
				CLANG_WARN_BLOCK_CAPTURE_AUTORELEASING = YES;
				CLANG_WARN_BOOL_CONVERSION = YES;
				CLANG_WARN_COMMA = YES;
				CLANG_WARN_CONSTANT_CONVERSION = YES;
				CLANG_WARN_DEPRECATED_OBJC_IMPLEMENTATIONS = YES;
				CLANG_WARN_DIRECT_OBJC_ISA_USAGE = YES_ERROR;
				CLANG_WARN_DOCUMENTATION_COMMENTS = YES;
				CLANG_WARN_EMPTY_BODY = YES;
				CLANG_WARN_ENUM_CONVERSION = YES;
				CLANG_WARN_INFINITE_RECURSION = YES;
				CLANG_WARN_INT_CONVERSION = YES;
				CLANG_WARN_NON_LITERAL_NULL_CONVERSION = YES;
				CLANG_WARN_OBJC_IMPLICIT_RETAIN_SELF = YES;
				CLANG_WARN_OBJC_LITERAL_CONVERSION = YES;
				CLANG_WARN_OBJC_ROOT_CLASS = YES_ERROR;
				CLANG_WARN_RANGE_LOOP_ANALYSIS = YES;
				CLANG_WARN_STRICT_PROTOTYPES = YES;
				CLANG_WARN_SUSPICIOUS_MOVE = YES;
				CLANG_WARN_UNGUARDED_AVAILABILITY = YES_AGGRESSIVE;
				CLANG_WARN_UNREACHABLE_CODE = YES;
				CLANG_WARN__DUPLICATE_METHOD_MATCH = YES;
				COPY_PHASE_STRIP = NO;
				DEBUG_INFORMATION_FORMAT = dwarf;
				ENABLE_STRICT_OBJC_MSGSEND = YES;
				ENABLE_TESTABILITY = YES;
				GCC_C_LANGUAGE_STANDARD = gnu11;
				GCC_DYNAMIC_NO_PIC = NO;
				GCC_NO_COMMON_BLOCKS = YES;
				GCC_OPTIMIZATION_LEVEL = 0;
				GCC_PREPROCESSOR_DEFINITIONS = (
					"DEBUG=1",
					"$(inherited)",
				);
				GCC_WARN_64_TO_32_BIT_CONVERSION = YES;
				GCC_WARN_ABOUT_RETURN_TYPE = YES_ERROR;
				GCC_WARN_UNDECLARED_SELECTOR = YES;
				GCC_WARN_UNINITIALIZED_AUTOS = YES_AGGRESSIVE;
				GCC_WARN_UNUSED_FUNCTION = YES;
				GCC_WARN_UNUSED_VARIABLE = YES;
				IPHONEOS_DEPLOYMENT_TARGET = 13.2;
				MTL_ENABLE_DEBUG_INFO = INCLUDE_SOURCE;
				MTL_FAST_MATH = YES;
				ONLY_ACTIVE_ARCH = YES;
				SDKROOT = iphoneos;
				SWIFT_ACTIVE_COMPILATION_CONDITIONS = DEBUG;
				SWIFT_OPTIMIZATION_LEVEL = "-Onone";
			};
			name = Debug;
		};
		08988C9523D5E27A00BAA135 /* Release */ = {
			isa = XCBuildConfiguration;
			baseConfigurationReference = 08A9AC5723D600C500C3DAE5 /* Release.xcconfig */;
			buildSettings = {
				ALWAYS_SEARCH_USER_PATHS = NO;
				CLANG_ANALYZER_NONNULL = YES;
				CLANG_ANALYZER_NUMBER_OBJECT_CONVERSION = YES_AGGRESSIVE;
				CLANG_CXX_LANGUAGE_STANDARD = "gnu++14";
				CLANG_CXX_LIBRARY = "libc++";
				CLANG_ENABLE_MODULES = YES;
				CLANG_ENABLE_OBJC_ARC = YES;
				CLANG_ENABLE_OBJC_WEAK = YES;
				CLANG_WARN_BLOCK_CAPTURE_AUTORELEASING = YES;
				CLANG_WARN_BOOL_CONVERSION = YES;
				CLANG_WARN_COMMA = YES;
				CLANG_WARN_CONSTANT_CONVERSION = YES;
				CLANG_WARN_DEPRECATED_OBJC_IMPLEMENTATIONS = YES;
				CLANG_WARN_DIRECT_OBJC_ISA_USAGE = YES_ERROR;
				CLANG_WARN_DOCUMENTATION_COMMENTS = YES;
				CLANG_WARN_EMPTY_BODY = YES;
				CLANG_WARN_ENUM_CONVERSION = YES;
				CLANG_WARN_INFINITE_RECURSION = YES;
				CLANG_WARN_INT_CONVERSION = YES;
				CLANG_WARN_NON_LITERAL_NULL_CONVERSION = YES;
				CLANG_WARN_OBJC_IMPLICIT_RETAIN_SELF = YES;
				CLANG_WARN_OBJC_LITERAL_CONVERSION = YES;
				CLANG_WARN_OBJC_ROOT_CLASS = YES_ERROR;
				CLANG_WARN_RANGE_LOOP_ANALYSIS = YES;
				CLANG_WARN_STRICT_PROTOTYPES = YES;
				CLANG_WARN_SUSPICIOUS_MOVE = YES;
				CLANG_WARN_UNGUARDED_AVAILABILITY = YES_AGGRESSIVE;
				CLANG_WARN_UNREACHABLE_CODE = YES;
				CLANG_WARN__DUPLICATE_METHOD_MATCH = YES;
				COPY_PHASE_STRIP = NO;
				DEBUG_INFORMATION_FORMAT = "dwarf-with-dsym";
				ENABLE_NS_ASSERTIONS = NO;
				ENABLE_STRICT_OBJC_MSGSEND = YES;
				GCC_C_LANGUAGE_STANDARD = gnu11;
				GCC_NO_COMMON_BLOCKS = YES;
				GCC_WARN_64_TO_32_BIT_CONVERSION = YES;
				GCC_WARN_ABOUT_RETURN_TYPE = YES_ERROR;
				GCC_WARN_UNDECLARED_SELECTOR = YES;
				GCC_WARN_UNINITIALIZED_AUTOS = YES_AGGRESSIVE;
				GCC_WARN_UNUSED_FUNCTION = YES;
				GCC_WARN_UNUSED_VARIABLE = YES;
				IPHONEOS_DEPLOYMENT_TARGET = 13.2;
				MTL_ENABLE_DEBUG_INFO = NO;
				MTL_FAST_MATH = YES;
				SDKROOT = iphoneos;
				SWIFT_COMPILATION_MODE = wholemodule;
				SWIFT_OPTIMIZATION_LEVEL = "-O";
				VALIDATE_PRODUCT = YES;
			};
			name = Release;
		};
		08988C9723D5E27A00BAA135 /* Debug */ = {
			isa = XCBuildConfiguration;
			baseConfigurationReference = 1A0406D1DAEA05C3697F5761 /* Pods-HiraganaTranslator.debug.xcconfig */;
			buildSettings = {
				ASSETCATALOG_COMPILER_APPICON_NAME = AppIcon;
				DEVELOPMENT_TEAM = WLN29ZWFG6;
				FRAMEWORK_SEARCH_PATHS = (
					"$(inherited)",
					"$(PROJECT_DIR)/Carthage/Build/iOS",
				);
				INFOPLIST_FILE = HiraganaTranslator/Info.plist;
				LD_RUNPATH_SEARCH_PATHS = (
					"$(inherited)",
					"@executable_path/Frameworks",
				);
				PRODUCT_BUNDLE_IDENTIFIER = tech.watanave.HiraganaTranslator;
				PRODUCT_NAME = "$(TARGET_NAME)";
				SWIFT_VERSION = 5.0;
				TARGETED_DEVICE_FAMILY = "1,2";
			};
			name = Debug;
		};
		08988C9823D5E27A00BAA135 /* Release */ = {
			isa = XCBuildConfiguration;
			baseConfigurationReference = 06B0DB1E939CAFA15A0C11F0 /* Pods-HiraganaTranslator.release.xcconfig */;
			buildSettings = {
				ASSETCATALOG_COMPILER_APPICON_NAME = AppIcon;
				FRAMEWORK_SEARCH_PATHS = (
					"$(inherited)",
					"$(PROJECT_DIR)/Carthage/Build/iOS",
				);
				INFOPLIST_FILE = HiraganaTranslator/Info.plist;
				LD_RUNPATH_SEARCH_PATHS = (
					"$(inherited)",
					"@executable_path/Frameworks",
				);
				PRODUCT_BUNDLE_IDENTIFIER = tech.watanave.HiraganaTranslator;
				PRODUCT_NAME = "$(TARGET_NAME)";
				SWIFT_VERSION = 5.0;
				TARGETED_DEVICE_FAMILY = "1,2";
			};
			name = Release;
		};
		08988C9A23D5E27A00BAA135 /* Debug */ = {
			isa = XCBuildConfiguration;
			baseConfigurationReference = F6D9B96279B959B8F0300CE5 /* Pods-HiraganaTranslatorTests.debug.xcconfig */;
			buildSettings = {
				ALWAYS_EMBED_SWIFT_STANDARD_LIBRARIES = YES;
				BUNDLE_LOADER = "$(TEST_HOST)";
				CODE_SIGN_STYLE = Automatic;
				DEVELOPMENT_TEAM = WLN29ZWFG6;
				INFOPLIST_FILE = HiraganaTranslatorTests/Info.plist;
				IPHONEOS_DEPLOYMENT_TARGET = 13.2;
				LD_RUNPATH_SEARCH_PATHS = (
					"$(inherited)",
					"@executable_path/Frameworks",
					"@loader_path/Frameworks",
				);
				PRODUCT_BUNDLE_IDENTIFIER = tech.watanave.HiraganaTranslatorTests;
				PRODUCT_NAME = "$(TARGET_NAME)";
				SWIFT_VERSION = 5.0;
				TARGETED_DEVICE_FAMILY = "1,2";
				TEST_HOST = "$(BUILT_PRODUCTS_DIR)/HiraganaTranslator.app/HiraganaTranslator";
			};
			name = Debug;
		};
		08988C9B23D5E27A00BAA135 /* Release */ = {
			isa = XCBuildConfiguration;
			baseConfigurationReference = 4B7B19D23C14E2126A848D45 /* Pods-HiraganaTranslatorTests.release.xcconfig */;
			buildSettings = {
				ALWAYS_EMBED_SWIFT_STANDARD_LIBRARIES = YES;
				BUNDLE_LOADER = "$(TEST_HOST)";
				CODE_SIGN_STYLE = Automatic;
				DEVELOPMENT_TEAM = WLN29ZWFG6;
				INFOPLIST_FILE = HiraganaTranslatorTests/Info.plist;
				IPHONEOS_DEPLOYMENT_TARGET = 13.2;
				LD_RUNPATH_SEARCH_PATHS = (
					"$(inherited)",
					"@executable_path/Frameworks",
					"@loader_path/Frameworks",
				);
				PRODUCT_BUNDLE_IDENTIFIER = tech.watanave.HiraganaTranslatorTests;
				PRODUCT_NAME = "$(TARGET_NAME)";
				SWIFT_VERSION = 5.0;
				TARGETED_DEVICE_FAMILY = "1,2";
				TEST_HOST = "$(BUILT_PRODUCTS_DIR)/HiraganaTranslator.app/HiraganaTranslator";
			};
			name = Release;
		};
		08A9AC5123D6007200C3DAE5 /* Debug-Stub */ = {
			isa = XCBuildConfiguration;
			baseConfigurationReference = 08A9AC5623D600B900C3DAE5 /* Debug-Stub.xcconfig */;
			buildSettings = {
				ALWAYS_SEARCH_USER_PATHS = NO;
				CLANG_ANALYZER_NONNULL = YES;
				CLANG_ANALYZER_NUMBER_OBJECT_CONVERSION = YES_AGGRESSIVE;
				CLANG_CXX_LANGUAGE_STANDARD = "gnu++14";
				CLANG_CXX_LIBRARY = "libc++";
				CLANG_ENABLE_MODULES = YES;
				CLANG_ENABLE_OBJC_ARC = YES;
				CLANG_ENABLE_OBJC_WEAK = YES;
				CLANG_WARN_BLOCK_CAPTURE_AUTORELEASING = YES;
				CLANG_WARN_BOOL_CONVERSION = YES;
				CLANG_WARN_COMMA = YES;
				CLANG_WARN_CONSTANT_CONVERSION = YES;
				CLANG_WARN_DEPRECATED_OBJC_IMPLEMENTATIONS = YES;
				CLANG_WARN_DIRECT_OBJC_ISA_USAGE = YES_ERROR;
				CLANG_WARN_DOCUMENTATION_COMMENTS = YES;
				CLANG_WARN_EMPTY_BODY = YES;
				CLANG_WARN_ENUM_CONVERSION = YES;
				CLANG_WARN_INFINITE_RECURSION = YES;
				CLANG_WARN_INT_CONVERSION = YES;
				CLANG_WARN_NON_LITERAL_NULL_CONVERSION = YES;
				CLANG_WARN_OBJC_IMPLICIT_RETAIN_SELF = YES;
				CLANG_WARN_OBJC_LITERAL_CONVERSION = YES;
				CLANG_WARN_OBJC_ROOT_CLASS = YES_ERROR;
				CLANG_WARN_RANGE_LOOP_ANALYSIS = YES;
				CLANG_WARN_STRICT_PROTOTYPES = YES;
				CLANG_WARN_SUSPICIOUS_MOVE = YES;
				CLANG_WARN_UNGUARDED_AVAILABILITY = YES_AGGRESSIVE;
				CLANG_WARN_UNREACHABLE_CODE = YES;
				CLANG_WARN__DUPLICATE_METHOD_MATCH = YES;
				COPY_PHASE_STRIP = NO;
				DEBUG_INFORMATION_FORMAT = dwarf;
				ENABLE_STRICT_OBJC_MSGSEND = YES;
				ENABLE_TESTABILITY = YES;
				GCC_C_LANGUAGE_STANDARD = gnu11;
				GCC_DYNAMIC_NO_PIC = NO;
				GCC_NO_COMMON_BLOCKS = YES;
				GCC_OPTIMIZATION_LEVEL = 0;
				GCC_PREPROCESSOR_DEFINITIONS = (
					"DEBUG=1",
					"$(inherited)",
				);
				GCC_WARN_64_TO_32_BIT_CONVERSION = YES;
				GCC_WARN_ABOUT_RETURN_TYPE = YES_ERROR;
				GCC_WARN_UNDECLARED_SELECTOR = YES;
				GCC_WARN_UNINITIALIZED_AUTOS = YES_AGGRESSIVE;
				GCC_WARN_UNUSED_FUNCTION = YES;
				GCC_WARN_UNUSED_VARIABLE = YES;
				IPHONEOS_DEPLOYMENT_TARGET = 13.2;
				MTL_ENABLE_DEBUG_INFO = INCLUDE_SOURCE;
				MTL_FAST_MATH = YES;
				ONLY_ACTIVE_ARCH = YES;
				SDKROOT = iphoneos;
				SWIFT_ACTIVE_COMPILATION_CONDITIONS = DEBUG;
				SWIFT_OPTIMIZATION_LEVEL = "-Onone";
			};
			name = "Debug-Stub";
		};
		08A9AC5223D6007200C3DAE5 /* Debug-Stub */ = {
			isa = XCBuildConfiguration;
			baseConfigurationReference = 566DC8C0485EE8977C217298 /* Pods-HiraganaTranslator.debug-stub.xcconfig */;
			buildSettings = {
				ASSETCATALOG_COMPILER_APPICON_NAME = AppIcon;
				DEVELOPMENT_TEAM = WLN29ZWFG6;
				FRAMEWORK_SEARCH_PATHS = (
					"$(inherited)",
					"$(PROJECT_DIR)/Carthage/Build/iOS",
				);
				INFOPLIST_FILE = HiraganaTranslator/Info.plist;
				LD_RUNPATH_SEARCH_PATHS = (
					"$(inherited)",
					"@executable_path/Frameworks",
				);
				PRODUCT_BUNDLE_IDENTIFIER = tech.watanave.HiraganaTranslator;
				PRODUCT_NAME = "$(TARGET_NAME)";
				SWIFT_VERSION = 5.0;
				TARGETED_DEVICE_FAMILY = "1,2";
			};
			name = "Debug-Stub";
		};
		08A9AC5323D6007200C3DAE5 /* Debug-Stub */ = {
			isa = XCBuildConfiguration;
			baseConfigurationReference = 5FEC31C01376C2DD0DFFAB83 /* Pods-HiraganaTranslatorTests.debug-stub.xcconfig */;
			buildSettings = {
				ALWAYS_EMBED_SWIFT_STANDARD_LIBRARIES = YES;
				BUNDLE_LOADER = "$(TEST_HOST)";
				CODE_SIGN_STYLE = Automatic;
				DEVELOPMENT_TEAM = WLN29ZWFG6;
				INFOPLIST_FILE = HiraganaTranslatorTests/Info.plist;
				IPHONEOS_DEPLOYMENT_TARGET = 13.2;
				LD_RUNPATH_SEARCH_PATHS = (
					"$(inherited)",
					"@executable_path/Frameworks",
					"@loader_path/Frameworks",
				);
				PRODUCT_BUNDLE_IDENTIFIER = tech.watanave.HiraganaTranslatorTests;
				PRODUCT_NAME = "$(TARGET_NAME)";
				SWIFT_VERSION = 5.0;
				TARGETED_DEVICE_FAMILY = "1,2";
				TEST_HOST = "$(BUILT_PRODUCTS_DIR)/HiraganaTranslator.app/HiraganaTranslator";
			};
			name = "Debug-Stub";
		};
/* End XCBuildConfiguration section */

/* Begin XCConfigurationList section */
		08988C7223D5E27600BAA135 /* Build configuration list for PBXProject "HiraganaTranslator" */ = {
			isa = XCConfigurationList;
			buildConfigurations = (
				08988C9423D5E27A00BAA135 /* Debug */,
				08A9AC5123D6007200C3DAE5 /* Debug-Stub */,
				08988C9523D5E27A00BAA135 /* Release */,
			);
			defaultConfigurationIsVisible = 0;
			defaultConfigurationName = Release;
		};
		08988C9623D5E27A00BAA135 /* Build configuration list for PBXNativeTarget "HiraganaTranslator" */ = {
			isa = XCConfigurationList;
			buildConfigurations = (
				08988C9723D5E27A00BAA135 /* Debug */,
				08A9AC5223D6007200C3DAE5 /* Debug-Stub */,
				08988C9823D5E27A00BAA135 /* Release */,
			);
			defaultConfigurationIsVisible = 0;
			defaultConfigurationName = Release;
		};
		08988C9923D5E27A00BAA135 /* Build configuration list for PBXNativeTarget "HiraganaTranslatorTests" */ = {
			isa = XCConfigurationList;
			buildConfigurations = (
				08988C9A23D5E27A00BAA135 /* Debug */,
				08A9AC5323D6007200C3DAE5 /* Debug-Stub */,
				08988C9B23D5E27A00BAA135 /* Release */,
			);
			defaultConfigurationIsVisible = 0;
			defaultConfigurationName = Release;
		};
/* End XCConfigurationList section */
	};
	rootObject = 08988C6F23D5E27600BAA135 /* Project object */;
}
