// !$*UTF8*$!
{
	archiveVersion = 1;
	classes = {
	};
	objectVersion = 52;
	objects = {

/* Begin PBXBuildFile section */
		0819C8FC23D7E07A0075B796 /* Async.swift in Sources */ = {isa = PBXBuildFile; fileRef = 0819C8FB23D7E07A0075B796 /* Async.swift */; };
		0819C8FE23D7E0D00075B796 /* ErrorTranslator.swift in Sources */ = {isa = PBXBuildFile; fileRef = 0819C8FD23D7E0D00075B796 /* ErrorTranslator.swift */; };
		0819C90023D7E0F10075B796 /* ViewModel.swift in Sources */ = {isa = PBXBuildFile; fileRef = 0819C8FF23D7E0F10075B796 /* ViewModel.swift */; };
		0819C90223D7E2A70075B796 /* AssociatedObjectStore.swift in Sources */ = {isa = PBXBuildFile; fileRef = 0819C90123D7E2A70075B796 /* AssociatedObjectStore.swift */; };
		0819C90523D7EA100075B796 /* UIAlertController+extension.swift in Sources */ = {isa = PBXBuildFile; fileRef = 0819C90423D7EA100075B796 /* UIAlertController+extension.swift */; };
		0819C90823D7EC620075B796 /* AlertService.swift in Sources */ = {isa = PBXBuildFile; fileRef = 0819C90723D7EC620075B796 /* AlertService.swift */; };
		0819C91523D7EFEC0075B796 /* ViewModel.generated.swift in Sources */ = {isa = PBXBuildFile; fileRef = 0819C91423D7EFEC0075B796 /* ViewModel.generated.swift */; };
		0819C96523D806590075B796 /* AlertServiceTest.swift in Sources */ = {isa = PBXBuildFile; fileRef = 0819C96423D806590075B796 /* AlertServiceTest.swift */; };
		0819C96723D8081C0075B796 /* TestUtil.swift in Sources */ = {isa = PBXBuildFile; fileRef = 0819C96623D8081C0075B796 /* TestUtil.swift */; };
		0819C98523D841390075B796 /* TranslateApi.swift in Sources */ = {isa = PBXBuildFile; fileRef = 0819C98423D841390075B796 /* TranslateApi.swift */; };
		0819C98B23D850E20075B796 /* XMLParser.swift in Sources */ = {isa = PBXBuildFile; fileRef = 0819C98A23D850E20075B796 /* XMLParser.swift */; };
		0819C98D23D854F70075B796 /* Secret.strings in Resources */ = {isa = PBXBuildFile; fileRef = 0819C98C23D854F70075B796 /* Secret.strings */; };
		08258D5923D915990084D51E /* TextInputViewControllerTests.swift in Sources */ = {isa = PBXBuildFile; fileRef = 08258D5823D915990084D51E /* TextInputViewControllerTests.swift */; };
		084876CD23DB79E9005302D1 /* PasteBoardModelTests.swift in Sources */ = {isa = PBXBuildFile; fileRef = 084876CC23DB79E9005302D1 /* PasteBoardModelTests.swift */; };
		084876D523DB8680005302D1 /* MenuViewModelTests.swift in Sources */ = {isa = PBXBuildFile; fileRef = 084876D423DB8680005302D1 /* MenuViewModelTests.swift */; };
		0869AB9A23DBA8DD00156A52 /* TranslateApiMock.generated.swift in Sources */ = {isa = PBXBuildFile; fileRef = 0869AB9923DBA8DC00156A52 /* TranslateApiMock.generated.swift */; };
		08988C7B23D5E27600BAA135 /* AppDelegate.swift in Sources */ = {isa = PBXBuildFile; fileRef = 08988C7A23D5E27600BAA135 /* AppDelegate.swift */; };
		08988C7D23D5E27600BAA135 /* SceneDelegate.swift in Sources */ = {isa = PBXBuildFile; fileRef = 08988C7C23D5E27600BAA135 /* SceneDelegate.swift */; };
		08988C8423D5E27A00BAA135 /* Assets.xcassets in Resources */ = {isa = PBXBuildFile; fileRef = 08988C8323D5E27A00BAA135 /* Assets.xcassets */; };
		08988C8723D5E27A00BAA135 /* LaunchScreen.storyboard in Resources */ = {isa = PBXBuildFile; fileRef = 08988C8523D5E27A00BAA135 /* LaunchScreen.storyboard */; };
		089A8CD223D88EF3000C2F10 /* main.swift in Sources */ = {isa = PBXBuildFile; fileRef = 089A8CD123D88EF3000C2F10 /* main.swift */; };
		089A8CD423D88F46000C2F10 /* TestAppDelegate.swift in Sources */ = {isa = PBXBuildFile; fileRef = 089A8CD323D88F46000C2F10 /* TestAppDelegate.swift */; };
		089A8CD723D893C0000C2F10 /* AppContainer.swift in Sources */ = {isa = PBXBuildFile; fileRef = 089A8CD623D893C0000C2F10 /* AppContainer.swift */; };
		089A8CDB23D8940F000C2F10 /* MenuViewController.swift in Sources */ = {isa = PBXBuildFile; fileRef = 089A8CD823D8940F000C2F10 /* MenuViewController.swift */; };
		089A8CDC23D8940F000C2F10 /* MenuContainer.swift in Sources */ = {isa = PBXBuildFile; fileRef = 089A8CD923D8940F000C2F10 /* MenuContainer.swift */; };
		089A8CDD23D8940F000C2F10 /* MenuViewModel.swift in Sources */ = {isa = PBXBuildFile; fileRef = 089A8CDA23D8940F000C2F10 /* MenuViewModel.swift */; };
		089A8CDF23D89442000C2F10 /* MenuViewController.xib in Resources */ = {isa = PBXBuildFile; fileRef = 089A8CDE23D89442000C2F10 /* MenuViewController.xib */; };
		089A8CE223D89883000C2F10 /* mini-wakuwaku.otf in Resources */ = {isa = PBXBuildFile; fileRef = 089A8CE123D89882000C2F10 /* mini-wakuwaku.otf */; };
		089A8CE623D8AC5F000C2F10 /* ThemeButton.swift in Sources */ = {isa = PBXBuildFile; fileRef = 089A8CE423D8AC5F000C2F10 /* ThemeButton.swift */; };
		089A8CE723D8AC5F000C2F10 /* CAGradientLayer+extension.swift in Sources */ = {isa = PBXBuildFile; fileRef = 089A8CE523D8AC5F000C2F10 /* CAGradientLayer+extension.swift */; };
		089A8CEA23D8B111000C2F10 /* MenuViewControllerTests.swift in Sources */ = {isa = PBXBuildFile; fileRef = 089A8CE923D8B111000C2F10 /* MenuViewControllerTests.swift */; };
		089A8CEF23D8B2E0000C2F10 /* SpecTools.framework in Carthage */ = {isa = PBXBuildFile; fileRef = 089A8CEC23D8B2E0000C2F10 /* SpecTools.framework */; platformFilter = ios; settings = {ATTRIBUTES = (CodeSignOnCopy, RemoveHeadersOnCopy, ); }; };
		089A8CF023D8B2E0000C2F10 /* RxBlocking.framework in Carthage */ = {isa = PBXBuildFile; fileRef = 089A8CED23D8B2E0000C2F10 /* RxBlocking.framework */; platformFilter = ios; settings = {ATTRIBUTES = (CodeSignOnCopy, RemoveHeadersOnCopy, ); }; };
		089A8CF123D8B2E0000C2F10 /* RxTest.framework in Carthage */ = {isa = PBXBuildFile; fileRef = 089A8CEE23D8B2E0000C2F10 /* RxTest.framework */; platformFilter = ios; settings = {ATTRIBUTES = (CodeSignOnCopy, RemoveHeadersOnCopy, ); }; };
		089A8CF323D8B675000C2F10 /* SnapshotHelper.swift in Sources */ = {isa = PBXBuildFile; fileRef = 089A8CF223D8B675000C2F10 /* SnapshotHelper.swift */; };
		089A8CF823D8CCAA000C2F10 /* TextInputViewController.swift in Sources */ = {isa = PBXBuildFile; fileRef = 089A8CF523D8CCAA000C2F10 /* TextInputViewController.swift */; };
		089A8CF923D8CCAA000C2F10 /* TextInputContainer.swift in Sources */ = {isa = PBXBuildFile; fileRef = 089A8CF623D8CCAA000C2F10 /* TextInputContainer.swift */; };
		089A8CFA23D8CCAA000C2F10 /* TextInputViewModel.swift in Sources */ = {isa = PBXBuildFile; fileRef = 089A8CF723D8CCAA000C2F10 /* TextInputViewModel.swift */; };
		089A8CFC23D8CCD2000C2F10 /* TextInputViewController.xib in Resources */ = {isa = PBXBuildFile; fileRef = 089A8CFB23D8CCD2000C2F10 /* TextInputViewController.xib */; };
		08A7D6F623DB9DA90073A85F /* ViewModelMocks.generated.swift in Sources */ = {isa = PBXBuildFile; fileRef = 08A7D6F423DB9DA90073A85F /* ViewModelMocks.generated.swift */; };
		08A7D6F923DB9E560073A85F /* PasteBoardModelMock.generated.swift in Sources */ = {isa = PBXBuildFile; fileRef = 08A7D6F723DB9E560073A85F /* PasteBoardModelMock.generated.swift */; };
		08A7D6FA23DB9E560073A85F /* TextRecognizeModelMock.generated.swift in Sources */ = {isa = PBXBuildFile; fileRef = 08A7D6F823DB9E560073A85F /* TextRecognizeModelMock.generated.swift */; };
		08A9AC2B23D5EF5D00C3DAE5 /* RxSwift.framework in Frameworks */ = {isa = PBXBuildFile; fileRef = 08A9AC2123D5EF5C00C3DAE5 /* RxSwift.framework */; };
		08A9AC3523D5EF5D00C3DAE5 /* RxRelay.framework in Frameworks */ = {isa = PBXBuildFile; fileRef = 08A9AC2623D5EF5C00C3DAE5 /* RxRelay.framework */; };
		08A9AC3723D5EF5D00C3DAE5 /* SnapKit.framework in Frameworks */ = {isa = PBXBuildFile; fileRef = 08A9AC2723D5EF5C00C3DAE5 /* SnapKit.framework */; };
		08A9AC3923D5EF5D00C3DAE5 /* Swinject.framework in Frameworks */ = {isa = PBXBuildFile; fileRef = 08A9AC2823D5EF5C00C3DAE5 /* Swinject.framework */; };
		08A9AC3B23D5EF5D00C3DAE5 /* SwinjectAutoregistration.framework in Frameworks */ = {isa = PBXBuildFile; fileRef = 08A9AC2923D5EF5C00C3DAE5 /* SwinjectAutoregistration.framework */; };
		08A9AC4123D5F30100C3DAE5 /* Alamofire.framework in Frameworks */ = {isa = PBXBuildFile; fileRef = 08A9AC2523D5EF5C00C3DAE5 /* Alamofire.framework */; };
		08A9AC4423D5F30300C3DAE5 /* RxAlamofire.framework in Frameworks */ = {isa = PBXBuildFile; fileRef = 08A9AC2323D5EF5C00C3DAE5 /* RxAlamofire.framework */; };
		08A9AC4823D5F30700C3DAE5 /* RxCocoa.framework in Frameworks */ = {isa = PBXBuildFile; fileRef = 08A9AC2223D5EF5C00C3DAE5 /* RxCocoa.framework */; };
		08A9AC4A23D5F30800C3DAE5 /* RxOptional.framework in Frameworks */ = {isa = PBXBuildFile; fileRef = 08A9AC2A23D5EF5C00C3DAE5 /* RxOptional.framework */; };
		08A9AC4F23D5F59000C3DAE5 /* R.generated.swift in Sources */ = {isa = PBXBuildFile; fileRef = 08A9AC4E23D5F59000C3DAE5 /* R.generated.swift */; };
		08AB284923D875FD005A479B /* TranslateApiStub.swift in Sources */ = {isa = PBXBuildFile; fileRef = 08AB284823D875FD005A479B /* TranslateApiStub.swift */; };
		08AB284C23D87BF0005A479B /* XMLParserTests.swift in Sources */ = {isa = PBXBuildFile; fileRef = 08AB284B23D87BF0005A479B /* XMLParserTests.swift */; };
		08ABE3E123D910BB00973C2A /* RoundTextView.swift in Sources */ = {isa = PBXBuildFile; fileRef = 08ABE3E023D910BB00973C2A /* RoundTextView.swift */; };
		08C2610323DA3C9100E32E6E /* GoogleService-Info.plist in Resources */ = {isa = PBXBuildFile; fileRef = 08C2610223DA3C9100E32E6E /* GoogleService-Info.plist */; };
		08C2610523DA47CA00E32E6E /* TextRecognizeModel.swift in Sources */ = {isa = PBXBuildFile; fileRef = 08C2610423DA47CA00E32E6E /* TextRecognizeModel.swift */; };
		08C2610723DA4A1400E32E6E /* TextRecognizeModelStub.swift in Sources */ = {isa = PBXBuildFile; fileRef = 08C2610623DA4A1400E32E6E /* TextRecognizeModelStub.swift */; };
		08C2610A23DA505A00E32E6E /* LoadingView.swift in Sources */ = {isa = PBXBuildFile; fileRef = 08C2610923DA505A00E32E6E /* LoadingView.swift */; };
		8BA658A93BB104600B89966B /* Pods_HiraganaTranslator.framework in Frameworks */ = {isa = PBXBuildFile; fileRef = 1A9EB700DB6250E3F07B3D31 /* Pods_HiraganaTranslator.framework */; };
		DB197B0623DA899A005542CC /* Cuckoo.framework in Carthage */ = {isa = PBXBuildFile; fileRef = DB197B0523DA899A005542CC /* Cuckoo.framework */; platformFilter = ios; settings = {ATTRIBUTES = (CodeSignOnCopy, RemoveHeadersOnCopy, ); }; };
		DB197B0A23DA8CFE005542CC /* PasteBoardModel.swift in Sources */ = {isa = PBXBuildFile; fileRef = DB197B0923DA8CFE005542CC /* PasteBoardModel.swift */; };
		DBF3AAF723D9259300D71845 /* TranslateResultViewController.swift in Sources */ = {isa = PBXBuildFile; fileRef = DBF3AAF423D9259300D71845 /* TranslateResultViewController.swift */; };
		DBF3AAF823D9259300D71845 /* TranslateResultContainer.swift in Sources */ = {isa = PBXBuildFile; fileRef = DBF3AAF523D9259300D71845 /* TranslateResultContainer.swift */; };
		DBF3AAF923D9259300D71845 /* TranslateResultViewModel.swift in Sources */ = {isa = PBXBuildFile; fileRef = DBF3AAF623D9259300D71845 /* TranslateResultViewModel.swift */; };
		DBF3AAFB23D9262500D71845 /* TranslateResultViewController.xib in Resources */ = {isa = PBXBuildFile; fileRef = DBF3AAFA23D9262500D71845 /* TranslateResultViewController.xib */; };
		DBF3AAFE23D932A500D71845 /* TranslateResultViewControllerTests.swift in Sources */ = {isa = PBXBuildFile; fileRef = DBF3AAFD23D932A500D71845 /* TranslateResultViewControllerTests.swift */; };
		EC39BEDE74EBB97268681E6F /* Pods_HiraganaTranslatorTests.framework in Frameworks */ = {isa = PBXBuildFile; fileRef = EECED8D85EEFBB8E17B46E22 /* Pods_HiraganaTranslatorTests.framework */; };
/* End PBXBuildFile section */

/* Begin PBXContainerItemProxy section */
		08988C8E23D5E27A00BAA135 /* PBXContainerItemProxy */ = {
			isa = PBXContainerItemProxy;
			containerPortal = 08988C6F23D5E27600BAA135 /* Project object */;
			proxyType = 1;
			remoteGlobalIDString = 08988C7623D5E27600BAA135;
			remoteInfo = HiraganaTranslator;
		};
/* End PBXContainerItemProxy section */

/* Begin PBXCopyFilesBuildPhase section */
		089A8CEB23D8B29B000C2F10 /* Carthage */ = {
			isa = PBXCopyFilesBuildPhase;
			buildActionMask = 2147483647;
			dstPath = "";
			dstSubfolderSpec = 10;
			files = (
				DB197B0623DA899A005542CC /* Cuckoo.framework in Carthage */,
				089A8CEF23D8B2E0000C2F10 /* SpecTools.framework in Carthage */,
				089A8CF023D8B2E0000C2F10 /* RxBlocking.framework in Carthage */,
				089A8CF123D8B2E0000C2F10 /* RxTest.framework in Carthage */,
			);
			name = Carthage;
			runOnlyForDeploymentPostprocessing = 0;
		};
/* End PBXCopyFilesBuildPhase section */

/* Begin PBXFileReference section */
		06B0DB1E939CAFA15A0C11F0 /* Pods-HiraganaTranslator.release.xcconfig */ = {isa = PBXFileReference; includeInIndex = 1; lastKnownFileType = text.xcconfig; name = "Pods-HiraganaTranslator.release.xcconfig"; path = "Target Support Files/Pods-HiraganaTranslator/Pods-HiraganaTranslator.release.xcconfig"; sourceTree = "<group>"; };
		0819C8FB23D7E07A0075B796 /* Async.swift */ = {isa = PBXFileReference; lastKnownFileType = sourcecode.swift; path = Async.swift; sourceTree = "<group>"; };
		0819C8FD23D7E0D00075B796 /* ErrorTranslator.swift */ = {isa = PBXFileReference; lastKnownFileType = sourcecode.swift; path = ErrorTranslator.swift; sourceTree = "<group>"; };
		0819C8FF23D7E0F10075B796 /* ViewModel.swift */ = {isa = PBXFileReference; lastKnownFileType = sourcecode.swift; path = ViewModel.swift; sourceTree = "<group>"; };
		0819C90123D7E2A70075B796 /* AssociatedObjectStore.swift */ = {isa = PBXFileReference; lastKnownFileType = sourcecode.swift; path = AssociatedObjectStore.swift; sourceTree = "<group>"; };
		0819C90423D7EA100075B796 /* UIAlertController+extension.swift */ = {isa = PBXFileReference; lastKnownFileType = sourcecode.swift; path = "UIAlertController+extension.swift"; sourceTree = "<group>"; };
		0819C90723D7EC620075B796 /* AlertService.swift */ = {isa = PBXFileReference; lastKnownFileType = sourcecode.swift; path = AlertService.swift; sourceTree = "<group>"; };
		0819C91123D7EF100075B796 /* ViewModel.stencil */ = {isa = PBXFileReference; fileEncoding = 4; lastKnownFileType = text; path = ViewModel.stencil; sourceTree = "<group>"; };
		0819C91423D7EFEC0075B796 /* ViewModel.generated.swift */ = {isa = PBXFileReference; fileEncoding = 4; lastKnownFileType = sourcecode.swift; path = ViewModel.generated.swift; sourceTree = "<group>"; };
		0819C96423D806590075B796 /* AlertServiceTest.swift */ = {isa = PBXFileReference; fileEncoding = 4; lastKnownFileType = sourcecode.swift; path = AlertServiceTest.swift; sourceTree = "<group>"; };
		0819C96623D8081C0075B796 /* TestUtil.swift */ = {isa = PBXFileReference; lastKnownFileType = sourcecode.swift; path = TestUtil.swift; sourceTree = "<group>"; };
		0819C98423D841390075B796 /* TranslateApi.swift */ = {isa = PBXFileReference; fileEncoding = 4; lastKnownFileType = sourcecode.swift; path = TranslateApi.swift; sourceTree = "<group>"; };
		0819C98623D841A80075B796 /* Ji.framework */ = {isa = PBXFileReference; lastKnownFileType = wrapper.framework; name = Ji.framework; path = Carthage/Build/iOS/Ji.framework; sourceTree = "<group>"; };
		0819C98A23D850E20075B796 /* XMLParser.swift */ = {isa = PBXFileReference; lastKnownFileType = sourcecode.swift; path = XMLParser.swift; sourceTree = "<group>"; };
		0819C98C23D854F70075B796 /* Secret.strings */ = {isa = PBXFileReference; lastKnownFileType = text.plist.strings; path = Secret.strings; sourceTree = "<group>"; };
		08258D5823D915990084D51E /* TextInputViewControllerTests.swift */ = {isa = PBXFileReference; lastKnownFileType = sourcecode.swift; path = TextInputViewControllerTests.swift; sourceTree = "<group>"; };
		08453E9C23DB905D007F773A /* fixtures */ = {isa = PBXFileReference; lastKnownFileType = folder; path = fixtures; sourceTree = "<group>"; };
		084876CC23DB79E9005302D1 /* PasteBoardModelTests.swift */ = {isa = PBXFileReference; lastKnownFileType = sourcecode.swift; path = PasteBoardModelTests.swift; sourceTree = "<group>"; };
		084876D423DB8680005302D1 /* MenuViewModelTests.swift */ = {isa = PBXFileReference; lastKnownFileType = sourcecode.swift; path = MenuViewModelTests.swift; sourceTree = "<group>"; };
		0869AB9923DBA8DC00156A52 /* TranslateApiMock.generated.swift */ = {isa = PBXFileReference; fileEncoding = 4; lastKnownFileType = sourcecode.swift; path = TranslateApiMock.generated.swift; sourceTree = "<group>"; };
		08988C7723D5E27600BAA135 /* HiraganaTranslator.app */ = {isa = PBXFileReference; explicitFileType = wrapper.application; includeInIndex = 0; path = HiraganaTranslator.app; sourceTree = BUILT_PRODUCTS_DIR; };
		08988C7A23D5E27600BAA135 /* AppDelegate.swift */ = {isa = PBXFileReference; lastKnownFileType = sourcecode.swift; path = AppDelegate.swift; sourceTree = "<group>"; };
		08988C7C23D5E27600BAA135 /* SceneDelegate.swift */ = {isa = PBXFileReference; lastKnownFileType = sourcecode.swift; path = SceneDelegate.swift; sourceTree = "<group>"; };
		08988C8323D5E27A00BAA135 /* Assets.xcassets */ = {isa = PBXFileReference; lastKnownFileType = folder.assetcatalog; path = Assets.xcassets; sourceTree = "<group>"; };
		08988C8623D5E27A00BAA135 /* Base */ = {isa = PBXFileReference; lastKnownFileType = file.storyboard; name = Base; path = Base.lproj/LaunchScreen.storyboard; sourceTree = "<group>"; };
		08988C8823D5E27A00BAA135 /* Info.plist */ = {isa = PBXFileReference; lastKnownFileType = text.plist.xml; path = Info.plist; sourceTree = "<group>"; };
		08988C8D23D5E27A00BAA135 /* HiraganaTranslatorTests.xctest */ = {isa = PBXFileReference; explicitFileType = wrapper.cfbundle; includeInIndex = 0; path = HiraganaTranslatorTests.xctest; sourceTree = BUILT_PRODUCTS_DIR; };
		08988C9323D5E27A00BAA135 /* Info.plist */ = {isa = PBXFileReference; lastKnownFileType = text.plist.xml; path = Info.plist; sourceTree = "<group>"; };
		089A8CD123D88EF3000C2F10 /* main.swift */ = {isa = PBXFileReference; lastKnownFileType = sourcecode.swift; path = main.swift; sourceTree = "<group>"; };
		089A8CD323D88F46000C2F10 /* TestAppDelegate.swift */ = {isa = PBXFileReference; lastKnownFileType = sourcecode.swift; path = TestAppDelegate.swift; sourceTree = "<group>"; };
		089A8CD623D893C0000C2F10 /* AppContainer.swift */ = {isa = PBXFileReference; lastKnownFileType = sourcecode.swift; name = AppContainer.swift; path = HiraganaTranslatorTests/AppContainer.swift; sourceTree = SOURCE_ROOT; };
		089A8CD823D8940F000C2F10 /* MenuViewController.swift */ = {isa = PBXFileReference; lastKnownFileType = sourcecode.swift; path = MenuViewController.swift; sourceTree = "<group>"; };
		089A8CD923D8940F000C2F10 /* MenuContainer.swift */ = {isa = PBXFileReference; lastKnownFileType = sourcecode.swift; path = MenuContainer.swift; sourceTree = "<group>"; };
		089A8CDA23D8940F000C2F10 /* MenuViewModel.swift */ = {isa = PBXFileReference; lastKnownFileType = sourcecode.swift; path = MenuViewModel.swift; sourceTree = "<group>"; };
		089A8CDE23D89442000C2F10 /* MenuViewController.xib */ = {isa = PBXFileReference; lastKnownFileType = file.xib; path = MenuViewController.xib; sourceTree = "<group>"; };
		089A8CE123D89882000C2F10 /* mini-wakuwaku.otf */ = {isa = PBXFileReference; lastKnownFileType = file; path = "mini-wakuwaku.otf"; sourceTree = "<group>"; };
		089A8CE423D8AC5F000C2F10 /* ThemeButton.swift */ = {isa = PBXFileReference; fileEncoding = 4; lastKnownFileType = sourcecode.swift; path = ThemeButton.swift; sourceTree = "<group>"; };
		089A8CE523D8AC5F000C2F10 /* CAGradientLayer+extension.swift */ = {isa = PBXFileReference; fileEncoding = 4; lastKnownFileType = sourcecode.swift; path = "CAGradientLayer+extension.swift"; sourceTree = "<group>"; };
		089A8CE923D8B111000C2F10 /* MenuViewControllerTests.swift */ = {isa = PBXFileReference; lastKnownFileType = sourcecode.swift; path = MenuViewControllerTests.swift; sourceTree = "<group>"; };
		089A8CEC23D8B2E0000C2F10 /* SpecTools.framework */ = {isa = PBXFileReference; lastKnownFileType = wrapper.framework; name = SpecTools.framework; path = Carthage/Build/iOS/SpecTools.framework; sourceTree = "<group>"; };
		089A8CED23D8B2E0000C2F10 /* RxBlocking.framework */ = {isa = PBXFileReference; lastKnownFileType = wrapper.framework; name = RxBlocking.framework; path = Carthage/Build/iOS/RxBlocking.framework; sourceTree = "<group>"; };
		089A8CEE23D8B2E0000C2F10 /* RxTest.framework */ = {isa = PBXFileReference; lastKnownFileType = wrapper.framework; name = RxTest.framework; path = Carthage/Build/iOS/RxTest.framework; sourceTree = "<group>"; };
		089A8CF223D8B675000C2F10 /* SnapshotHelper.swift */ = {isa = PBXFileReference; fileEncoding = 4; lastKnownFileType = sourcecode.swift; name = SnapshotHelper.swift; path = fastlane/SnapshotHelper.swift; sourceTree = SOURCE_ROOT; };
		089A8CF523D8CCAA000C2F10 /* TextInputViewController.swift */ = {isa = PBXFileReference; lastKnownFileType = sourcecode.swift; path = TextInputViewController.swift; sourceTree = "<group>"; };
		089A8CF623D8CCAA000C2F10 /* TextInputContainer.swift */ = {isa = PBXFileReference; lastKnownFileType = sourcecode.swift; path = TextInputContainer.swift; sourceTree = "<group>"; };
		089A8CF723D8CCAA000C2F10 /* TextInputViewModel.swift */ = {isa = PBXFileReference; lastKnownFileType = sourcecode.swift; path = TextInputViewModel.swift; sourceTree = "<group>"; };
		089A8CFB23D8CCD2000C2F10 /* TextInputViewController.xib */ = {isa = PBXFileReference; lastKnownFileType = file.xib; path = TextInputViewController.xib; sourceTree = "<group>"; };
		08A7D6F423DB9DA90073A85F /* ViewModelMocks.generated.swift */ = {isa = PBXFileReference; fileEncoding = 4; lastKnownFileType = sourcecode.swift; path = ViewModelMocks.generated.swift; sourceTree = "<group>"; };
		08A7D6F723DB9E560073A85F /* PasteBoardModelMock.generated.swift */ = {isa = PBXFileReference; fileEncoding = 4; lastKnownFileType = sourcecode.swift; path = PasteBoardModelMock.generated.swift; sourceTree = "<group>"; };
		08A7D6F823DB9E560073A85F /* TextRecognizeModelMock.generated.swift */ = {isa = PBXFileReference; fileEncoding = 4; lastKnownFileType = sourcecode.swift; path = TextRecognizeModelMock.generated.swift; sourceTree = "<group>"; };
		08A9AC2123D5EF5C00C3DAE5 /* RxSwift.framework */ = {isa = PBXFileReference; lastKnownFileType = wrapper.framework; name = RxSwift.framework; path = Carthage/Build/iOS/RxSwift.framework; sourceTree = "<group>"; };
		08A9AC2223D5EF5C00C3DAE5 /* RxCocoa.framework */ = {isa = PBXFileReference; lastKnownFileType = wrapper.framework; name = RxCocoa.framework; path = Carthage/Build/iOS/RxCocoa.framework; sourceTree = "<group>"; };
		08A9AC2323D5EF5C00C3DAE5 /* RxAlamofire.framework */ = {isa = PBXFileReference; lastKnownFileType = wrapper.framework; name = RxAlamofire.framework; path = Carthage/Build/iOS/RxAlamofire.framework; sourceTree = "<group>"; };
		08A9AC2423D5EF5C00C3DAE5 /* RxBlocking.framework */ = {isa = PBXFileReference; lastKnownFileType = wrapper.framework; name = RxBlocking.framework; path = Carthage/Build/iOS/RxBlocking.framework; sourceTree = "<group>"; };
		08A9AC2523D5EF5C00C3DAE5 /* Alamofire.framework */ = {isa = PBXFileReference; lastKnownFileType = wrapper.framework; name = Alamofire.framework; path = Carthage/Build/iOS/Alamofire.framework; sourceTree = "<group>"; };
		08A9AC2623D5EF5C00C3DAE5 /* RxRelay.framework */ = {isa = PBXFileReference; lastKnownFileType = wrapper.framework; name = RxRelay.framework; path = Carthage/Build/iOS/RxRelay.framework; sourceTree = "<group>"; };
		08A9AC2723D5EF5C00C3DAE5 /* SnapKit.framework */ = {isa = PBXFileReference; lastKnownFileType = wrapper.framework; name = SnapKit.framework; path = Carthage/Build/iOS/SnapKit.framework; sourceTree = "<group>"; };
		08A9AC2823D5EF5C00C3DAE5 /* Swinject.framework */ = {isa = PBXFileReference; lastKnownFileType = wrapper.framework; name = Swinject.framework; path = Carthage/Build/iOS/Swinject.framework; sourceTree = "<group>"; };
		08A9AC2923D5EF5C00C3DAE5 /* SwinjectAutoregistration.framework */ = {isa = PBXFileReference; lastKnownFileType = wrapper.framework; name = SwinjectAutoregistration.framework; path = Carthage/Build/iOS/SwinjectAutoregistration.framework; sourceTree = "<group>"; };
		08A9AC2A23D5EF5C00C3DAE5 /* RxOptional.framework */ = {isa = PBXFileReference; lastKnownFileType = wrapper.framework; name = RxOptional.framework; path = Carthage/Build/iOS/RxOptional.framework; sourceTree = "<group>"; };
		08A9AC4E23D5F59000C3DAE5 /* R.generated.swift */ = {isa = PBXFileReference; fileEncoding = 4; lastKnownFileType = sourcecode.swift; path = R.generated.swift; sourceTree = "<group>"; };
		08A9AC5523D600A200C3DAE5 /* Debug.xcconfig */ = {isa = PBXFileReference; lastKnownFileType = text.xcconfig; path = Debug.xcconfig; sourceTree = "<group>"; };
		08A9AC5623D600B900C3DAE5 /* Debug-Stub.xcconfig */ = {isa = PBXFileReference; lastKnownFileType = text.xcconfig; path = "Debug-Stub.xcconfig"; sourceTree = "<group>"; };
		08A9AC5723D600C500C3DAE5 /* Release.xcconfig */ = {isa = PBXFileReference; lastKnownFileType = text.xcconfig; path = Release.xcconfig; sourceTree = "<group>"; };
		08AB284823D875FD005A479B /* TranslateApiStub.swift */ = {isa = PBXFileReference; lastKnownFileType = sourcecode.swift; path = TranslateApiStub.swift; sourceTree = "<group>"; };
		08AB284B23D87BF0005A479B /* XMLParserTests.swift */ = {isa = PBXFileReference; lastKnownFileType = sourcecode.swift; path = XMLParserTests.swift; sourceTree = "<group>"; };
		08ABE3E023D910BB00973C2A /* RoundTextView.swift */ = {isa = PBXFileReference; lastKnownFileType = sourcecode.swift; path = RoundTextView.swift; sourceTree = "<group>"; };
		08C2610223DA3C9100E32E6E /* GoogleService-Info.plist */ = {isa = PBXFileReference; fileEncoding = 4; lastKnownFileType = text.plist.xml; path = "GoogleService-Info.plist"; sourceTree = "<group>"; };
		08C2610423DA47CA00E32E6E /* TextRecognizeModel.swift */ = {isa = PBXFileReference; lastKnownFileType = sourcecode.swift; path = TextRecognizeModel.swift; sourceTree = "<group>"; };
		08C2610623DA4A1400E32E6E /* TextRecognizeModelStub.swift */ = {isa = PBXFileReference; lastKnownFileType = sourcecode.swift; path = TextRecognizeModelStub.swift; sourceTree = "<group>"; };
		08C2610923DA505A00E32E6E /* LoadingView.swift */ = {isa = PBXFileReference; lastKnownFileType = sourcecode.swift; path = LoadingView.swift; sourceTree = "<group>"; };
		1A0406D1DAEA05C3697F5761 /* Pods-HiraganaTranslator.debug.xcconfig */ = {isa = PBXFileReference; includeInIndex = 1; lastKnownFileType = text.xcconfig; name = "Pods-HiraganaTranslator.debug.xcconfig"; path = "Target Support Files/Pods-HiraganaTranslator/Pods-HiraganaTranslator.debug.xcconfig"; sourceTree = "<group>"; };
		1A9EB700DB6250E3F07B3D31 /* Pods_HiraganaTranslator.framework */ = {isa = PBXFileReference; explicitFileType = wrapper.framework; includeInIndex = 0; path = Pods_HiraganaTranslator.framework; sourceTree = BUILT_PRODUCTS_DIR; };
		4B7B19D23C14E2126A848D45 /* Pods-HiraganaTranslatorTests.release.xcconfig */ = {isa = PBXFileReference; includeInIndex = 1; lastKnownFileType = text.xcconfig; name = "Pods-HiraganaTranslatorTests.release.xcconfig"; path = "Target Support Files/Pods-HiraganaTranslatorTests/Pods-HiraganaTranslatorTests.release.xcconfig"; sourceTree = "<group>"; };
		566DC8C0485EE8977C217298 /* Pods-HiraganaTranslator.debug-stub.xcconfig */ = {isa = PBXFileReference; includeInIndex = 1; lastKnownFileType = text.xcconfig; name = "Pods-HiraganaTranslator.debug-stub.xcconfig"; path = "Target Support Files/Pods-HiraganaTranslator/Pods-HiraganaTranslator.debug-stub.xcconfig"; sourceTree = "<group>"; };
		5FEC31C01376C2DD0DFFAB83 /* Pods-HiraganaTranslatorTests.debug-stub.xcconfig */ = {isa = PBXFileReference; includeInIndex = 1; lastKnownFileType = text.xcconfig; name = "Pods-HiraganaTranslatorTests.debug-stub.xcconfig"; path = "Target Support Files/Pods-HiraganaTranslatorTests/Pods-HiraganaTranslatorTests.debug-stub.xcconfig"; sourceTree = "<group>"; };
		DB197B0523DA899A005542CC /* Cuckoo.framework */ = {isa = PBXFileReference; lastKnownFileType = wrapper.framework; name = Cuckoo.framework; path = Carthage/Build/iOS/Cuckoo.framework; sourceTree = "<group>"; };
		DB197B0923DA8CFE005542CC /* PasteBoardModel.swift */ = {isa = PBXFileReference; fileEncoding = 4; lastKnownFileType = sourcecode.swift; path = PasteBoardModel.swift; sourceTree = "<group>"; };
		DBF3AAF423D9259300D71845 /* TranslateResultViewController.swift */ = {isa = PBXFileReference; lastKnownFileType = sourcecode.swift; path = TranslateResultViewController.swift; sourceTree = "<group>"; };
		DBF3AAF523D9259300D71845 /* TranslateResultContainer.swift */ = {isa = PBXFileReference; lastKnownFileType = sourcecode.swift; path = TranslateResultContainer.swift; sourceTree = "<group>"; };
		DBF3AAF623D9259300D71845 /* TranslateResultViewModel.swift */ = {isa = PBXFileReference; lastKnownFileType = sourcecode.swift; path = TranslateResultViewModel.swift; sourceTree = "<group>"; };
		DBF3AAFA23D9262500D71845 /* TranslateResultViewController.xib */ = {isa = PBXFileReference; lastKnownFileType = file.xib; path = TranslateResultViewController.xib; sourceTree = "<group>"; };
		DBF3AAFD23D932A500D71845 /* TranslateResultViewControllerTests.swift */ = {isa = PBXFileReference; lastKnownFileType = sourcecode.swift; path = TranslateResultViewControllerTests.swift; sourceTree = "<group>"; };
		EECED8D85EEFBB8E17B46E22 /* Pods_HiraganaTranslatorTests.framework */ = {isa = PBXFileReference; explicitFileType = wrapper.framework; includeInIndex = 0; path = Pods_HiraganaTranslatorTests.framework; sourceTree = BUILT_PRODUCTS_DIR; };
		F6D9B96279B959B8F0300CE5 /* Pods-HiraganaTranslatorTests.debug.xcconfig */ = {isa = PBXFileReference; includeInIndex = 1; lastKnownFileType = text.xcconfig; name = "Pods-HiraganaTranslatorTests.debug.xcconfig"; path = "Target Support Files/Pods-HiraganaTranslatorTests/Pods-HiraganaTranslatorTests.debug.xcconfig"; sourceTree = "<group>"; };
/* End PBXFileReference section */

/* Begin PBXFrameworksBuildPhase section */
		08988C7423D5E27600BAA135 /* Frameworks */ = {
			isa = PBXFrameworksBuildPhase;
			buildActionMask = 2147483647;
			files = (
				08A9AC2B23D5EF5D00C3DAE5 /* RxSwift.framework in Frameworks */,
				08A9AC3523D5EF5D00C3DAE5 /* RxRelay.framework in Frameworks */,
				08A9AC3B23D5EF5D00C3DAE5 /* SwinjectAutoregistration.framework in Frameworks */,
				8BA658A93BB104600B89966B /* Pods_HiraganaTranslator.framework in Frameworks */,
				08A9AC4123D5F30100C3DAE5 /* Alamofire.framework in Frameworks */,
				08A9AC3923D5EF5D00C3DAE5 /* Swinject.framework in Frameworks */,
				08A9AC4A23D5F30800C3DAE5 /* RxOptional.framework in Frameworks */,
				08A9AC3723D5EF5D00C3DAE5 /* SnapKit.framework in Frameworks */,
				08A9AC4823D5F30700C3DAE5 /* RxCocoa.framework in Frameworks */,
				08A9AC4423D5F30300C3DAE5 /* RxAlamofire.framework in Frameworks */,
			);
			runOnlyForDeploymentPostprocessing = 0;
		};
		08988C8A23D5E27A00BAA135 /* Frameworks */ = {
			isa = PBXFrameworksBuildPhase;
			buildActionMask = 2147483647;
			files = (
				EC39BEDE74EBB97268681E6F /* Pods_HiraganaTranslatorTests.framework in Frameworks */,
			);
			runOnlyForDeploymentPostprocessing = 0;
		};
/* End PBXFrameworksBuildPhase section */

/* Begin PBXGroup section */
		0819C90323D7E9A90075B796 /* alert */ = {
			isa = PBXGroup;
			children = (
				0819C90423D7EA100075B796 /* UIAlertController+extension.swift */,
				0819C90723D7EC620075B796 /* AlertService.swift */,
			);
			path = alert;
			sourceTree = "<group>";
		};
		0819C90F23D7EEA60075B796 /* supportingFiles */ = {
			isa = PBXGroup;
			children = (
				089A8CE023D89882000C2F10 /* fonts */,
				0819C91023D7EEB60075B796 /* stencil */,
				08453E9C23DB905D007F773A /* fixtures */,
				0819C98C23D854F70075B796 /* Secret.strings */,
				08C2610223DA3C9100E32E6E /* GoogleService-Info.plist */,
			);
			path = supportingFiles;
			sourceTree = "<group>";
		};
		0819C91023D7EEB60075B796 /* stencil */ = {
			isa = PBXGroup;
			children = (
				0819C91123D7EF100075B796 /* ViewModel.stencil */,
			);
			path = stencil;
			sourceTree = "<group>";
		};
		0819C96223D806590075B796 /* view */ = {
			isa = PBXGroup;
			children = (
				089A8CE823D8B0E5000C2F10 /* menu */,
				08258D5723D915760084D51E /* textIput */,
				DBF3AAFC23D9328C00D71845 /* translateResult */,
				0819C96323D806590075B796 /* alert */,
			);
			path = view;
			sourceTree = "<group>";
		};
		0819C96323D806590075B796 /* alert */ = {
			isa = PBXGroup;
			children = (
				0819C96423D806590075B796 /* AlertServiceTest.swift */,
			);
			path = alert;
			sourceTree = "<group>";
		};
		08258D5723D915760084D51E /* textIput */ = {
			isa = PBXGroup;
			children = (
				08258D5823D915990084D51E /* TextInputViewControllerTests.swift */,
			);
			path = textIput;
			sourceTree = "<group>";
		};
		08886FD723D7DEFC0070E679 /* view */ = {
			isa = PBXGroup;
			children = (
				08988C7C23D5E27600BAA135 /* SceneDelegate.swift */,
				08988C8523D5E27A00BAA135 /* LaunchScreen.storyboard */,
				089A8CD523D8939F000C2F10 /* menu */,
				089A8CF423D8CC90000C2F10 /* textInput */,
				DB273B7023D925470010A2F3 /* translateResult */,
				089A8CE323D8AC5F000C2F10 /* common */,
				0819C90323D7E9A90075B796 /* alert */,
			);
			path = view;
			sourceTree = "<group>";
		};
		08886FD823D7DF030070E679 /* model */ = {
			isa = PBXGroup;
			children = (
				0819C98423D841390075B796 /* TranslateApi.swift */,
				08AB284823D875FD005A479B /* TranslateApiStub.swift */,
				0819C98A23D850E20075B796 /* XMLParser.swift */,
				08C2610423DA47CA00E32E6E /* TextRecognizeModel.swift */,
				08C2610623DA4A1400E32E6E /* TextRecognizeModelStub.swift */,
				DB197B0923DA8CFE005542CC /* PasteBoardModel.swift */,
			);
			path = model;
			sourceTree = "<group>";
		};
		08886FD923D7DF2A0070E679 /* di */ = {
			isa = PBXGroup;
			children = (
				089A8CD623D893C0000C2F10 /* AppContainer.swift */,
			);
			path = di;
			sourceTree = "<group>";
		};
		08886FDA23D7DF330070E679 /* flux */ = {
			isa = PBXGroup;
			children = (
				0819C8FB23D7E07A0075B796 /* Async.swift */,
				0819C8FD23D7E0D00075B796 /* ErrorTranslator.swift */,
				0819C8FF23D7E0F10075B796 /* ViewModel.swift */,
				0819C90123D7E2A70075B796 /* AssociatedObjectStore.swift */,
			);
			path = flux;
			sourceTree = "<group>";
		};
		08988C6E23D5E27600BAA135 = {
			isa = PBXGroup;
			children = (
				08988C7923D5E27600BAA135 /* HiraganaTranslator */,
				08988C9023D5E27A00BAA135 /* HiraganaTranslatorTests */,
				08988C7823D5E27600BAA135 /* Products */,
				08A9AC5423D6008200C3DAE5 /* Config */,
				DEB8C712E248728D8F9595A1 /* Pods */,
				A0A8EF0F5FA4BC37D28C5F49 /* Frameworks */,
			);
			sourceTree = "<group>";
		};
		08988C7823D5E27600BAA135 /* Products */ = {
			isa = PBXGroup;
			children = (
				08988C7723D5E27600BAA135 /* HiraganaTranslator.app */,
				08988C8D23D5E27A00BAA135 /* HiraganaTranslatorTests.xctest */,
			);
			name = Products;
			sourceTree = "<group>";
		};
		08988C7923D5E27600BAA135 /* HiraganaTranslator */ = {
			isa = PBXGroup;
			children = (
				089A8CD123D88EF3000C2F10 /* main.swift */,
				08988C7A23D5E27600BAA135 /* AppDelegate.swift */,
				08886FD723D7DEFC0070E679 /* view */,
				08886FD823D7DF030070E679 /* model */,
				08886FD923D7DF2A0070E679 /* di */,
				08886FDA23D7DF330070E679 /* flux */,
				08988C8323D5E27A00BAA135 /* Assets.xcassets */,
				08988C8823D5E27A00BAA135 /* Info.plist */,
				0819C90F23D7EEA60075B796 /* supportingFiles */,
				08A9AC4C23D5F55400C3DAE5 /* generated */,
			);
			path = HiraganaTranslator;
			sourceTree = "<group>";
		};
		08988C9023D5E27A00BAA135 /* HiraganaTranslatorTests */ = {
			isa = PBXGroup;
			children = (
				089A8CD323D88F46000C2F10 /* TestAppDelegate.swift */,
				0819C96623D8081C0075B796 /* TestUtil.swift */,
				089A8CF223D8B675000C2F10 /* SnapshotHelper.swift */,
				0819C96223D806590075B796 /* view */,
				08AB284A23D87BDC005A479B /* model */,
				DB4210F023DA772700437AD9 /* generated */,
				08988C9323D5E27A00BAA135 /* Info.plist */,
			);
			path = HiraganaTranslatorTests;
			sourceTree = "<group>";
		};
		089A8CD523D8939F000C2F10 /* menu */ = {
			isa = PBXGroup;
			children = (
				089A8CD823D8940F000C2F10 /* MenuViewController.swift */,
				089A8CDE23D89442000C2F10 /* MenuViewController.xib */,
				089A8CD923D8940F000C2F10 /* MenuContainer.swift */,
				089A8CDA23D8940F000C2F10 /* MenuViewModel.swift */,
			);
			path = menu;
			sourceTree = "<group>";
		};
		089A8CE023D89882000C2F10 /* fonts */ = {
			isa = PBXGroup;
			children = (
				089A8CE123D89882000C2F10 /* mini-wakuwaku.otf */,
			);
			path = fonts;
			sourceTree = "<group>";
		};
		089A8CE323D8AC5F000C2F10 /* common */ = {
			isa = PBXGroup;
			children = (
				089A8CE423D8AC5F000C2F10 /* ThemeButton.swift */,
				089A8CE523D8AC5F000C2F10 /* CAGradientLayer+extension.swift */,
				08ABE3E023D910BB00973C2A /* RoundTextView.swift */,
				08C2610923DA505A00E32E6E /* LoadingView.swift */,
			);
			path = common;
			sourceTree = "<group>";
		};
		089A8CE823D8B0E5000C2F10 /* menu */ = {
			isa = PBXGroup;
			children = (
				089A8CE923D8B111000C2F10 /* MenuViewControllerTests.swift */,
				084876D423DB8680005302D1 /* MenuViewModelTests.swift */,
			);
			path = menu;
			sourceTree = "<group>";
		};
		089A8CF423D8CC90000C2F10 /* textInput */ = {
			isa = PBXGroup;
			children = (
				089A8CF523D8CCAA000C2F10 /* TextInputViewController.swift */,
				089A8CFB23D8CCD2000C2F10 /* TextInputViewController.xib */,
				089A8CF623D8CCAA000C2F10 /* TextInputContainer.swift */,
				089A8CF723D8CCAA000C2F10 /* TextInputViewModel.swift */,
			);
			path = textInput;
			sourceTree = "<group>";
		};
		08A9AC4C23D5F55400C3DAE5 /* generated */ = {
			isa = PBXGroup;
			children = (
				0819C91423D7EFEC0075B796 /* ViewModel.generated.swift */,
				08A9AC4E23D5F59000C3DAE5 /* R.generated.swift */,
			);
			path = generated;
			sourceTree = "<group>";
		};
		08A9AC5423D6008200C3DAE5 /* Config */ = {
			isa = PBXGroup;
			children = (
				08A9AC5523D600A200C3DAE5 /* Debug.xcconfig */,
				08A9AC5623D600B900C3DAE5 /* Debug-Stub.xcconfig */,
				08A9AC5723D600C500C3DAE5 /* Release.xcconfig */,
			);
			path = Config;
			sourceTree = "<group>";
		};
		08AB284A23D87BDC005A479B /* model */ = {
			isa = PBXGroup;
			children = (
				08AB284B23D87BF0005A479B /* XMLParserTests.swift */,
				084876CC23DB79E9005302D1 /* PasteBoardModelTests.swift */,
			);
			path = model;
			sourceTree = "<group>";
		};
		A0A8EF0F5FA4BC37D28C5F49 /* Frameworks */ = {
			isa = PBXGroup;
			children = (
				DB197B0523DA899A005542CC /* Cuckoo.framework */,
				089A8CED23D8B2E0000C2F10 /* RxBlocking.framework */,
				089A8CEE23D8B2E0000C2F10 /* RxTest.framework */,
				089A8CEC23D8B2E0000C2F10 /* SpecTools.framework */,
				0819C98623D841A80075B796 /* Ji.framework */,
				08A9AC2523D5EF5C00C3DAE5 /* Alamofire.framework */,
				08A9AC2323D5EF5C00C3DAE5 /* RxAlamofire.framework */,
				08A9AC2423D5EF5C00C3DAE5 /* RxBlocking.framework */,
				08A9AC2223D5EF5C00C3DAE5 /* RxCocoa.framework */,
				08A9AC2A23D5EF5C00C3DAE5 /* RxOptional.framework */,
				08A9AC2623D5EF5C00C3DAE5 /* RxRelay.framework */,
				08A9AC2123D5EF5C00C3DAE5 /* RxSwift.framework */,
				08A9AC2723D5EF5C00C3DAE5 /* SnapKit.framework */,
				08A9AC2823D5EF5C00C3DAE5 /* Swinject.framework */,
				08A9AC2923D5EF5C00C3DAE5 /* SwinjectAutoregistration.framework */,
				1A9EB700DB6250E3F07B3D31 /* Pods_HiraganaTranslator.framework */,
				EECED8D85EEFBB8E17B46E22 /* Pods_HiraganaTranslatorTests.framework */,
			);
			name = Frameworks;
			sourceTree = "<group>";
		};
		DB273B7023D925470010A2F3 /* translateResult */ = {
			isa = PBXGroup;
			children = (
				DBF3AAF423D9259300D71845 /* TranslateResultViewController.swift */,
				DBF3AAFA23D9262500D71845 /* TranslateResultViewController.xib */,
				DBF3AAF523D9259300D71845 /* TranslateResultContainer.swift */,
				DBF3AAF623D9259300D71845 /* TranslateResultViewModel.swift */,
			);
			path = translateResult;
			sourceTree = "<group>";
		};
		DB4210F023DA772700437AD9 /* generated */ = {
			isa = PBXGroup;
			children = (
				08A7D6F423DB9DA90073A85F /* ViewModelMocks.generated.swift */,
				08A7D6F723DB9E560073A85F /* PasteBoardModelMock.generated.swift */,
				08A7D6F823DB9E560073A85F /* TextRecognizeModelMock.generated.swift */,
				0869AB9923DBA8DC00156A52 /* TranslateApiMock.generated.swift */,
			);
			path = generated;
			sourceTree = "<group>";
		};
		DBF3AAFC23D9328C00D71845 /* translateResult */ = {
			isa = PBXGroup;
			children = (
				DBF3AAFD23D932A500D71845 /* TranslateResultViewControllerTests.swift */,
			);
			path = translateResult;
			sourceTree = "<group>";
		};
		DEB8C712E248728D8F9595A1 /* Pods */ = {
			isa = PBXGroup;
			children = (
				1A0406D1DAEA05C3697F5761 /* Pods-HiraganaTranslator.debug.xcconfig */,
				06B0DB1E939CAFA15A0C11F0 /* Pods-HiraganaTranslator.release.xcconfig */,
				F6D9B96279B959B8F0300CE5 /* Pods-HiraganaTranslatorTests.debug.xcconfig */,
				4B7B19D23C14E2126A848D45 /* Pods-HiraganaTranslatorTests.release.xcconfig */,
				566DC8C0485EE8977C217298 /* Pods-HiraganaTranslator.debug-stub.xcconfig */,
				5FEC31C01376C2DD0DFFAB83 /* Pods-HiraganaTranslatorTests.debug-stub.xcconfig */,
			);
			path = Pods;
			sourceTree = "<group>";
		};
/* End PBXGroup section */

/* Begin PBXNativeTarget section */
		08988C7623D5E27600BAA135 /* HiraganaTranslator */ = {
			isa = PBXNativeTarget;
			buildConfigurationList = 08988C9623D5E27A00BAA135 /* Build configuration list for PBXNativeTarget "HiraganaTranslator" */;
			buildPhases = (
				43CEC780DDE62B360512A757 /* [CP] Check Pods Manifest.lock */,
				08A9AC4D23D5F56100C3DAE5 /* R.swift */,
				0819C91323D7EF210075B796 /* Sourcery */,
				08988C7323D5E27600BAA135 /* Sources */,
				08A9AC5023D5F5B300C3DAE5 /* Swiftlint */,
				08988C7423D5E27600BAA135 /* Frameworks */,
				08988C7523D5E27600BAA135 /* Resources */,
				429D5B3D7D07A4067A92B824 /* [CP] Embed Pods Frameworks */,
				08A9AC4023D5F08200C3DAE5 /* Carthage */,
				08453E9E23DB90B2007F773A /* fixtures */,
			);
			buildRules = (
			);
			dependencies = (
			);
			name = HiraganaTranslator;
			productName = HiraganaTranslator;
			productReference = 08988C7723D5E27600BAA135 /* HiraganaTranslator.app */;
			productType = "com.apple.product-type.application";
		};
		08988C8C23D5E27A00BAA135 /* HiraganaTranslatorTests */ = {
			isa = PBXNativeTarget;
			buildConfigurationList = 08988C9923D5E27A00BAA135 /* Build configuration list for PBXNativeTarget "HiraganaTranslatorTests" */;
			buildPhases = (
				828C6C477D38C4FDB74DCF7D /* [CP] Check Pods Manifest.lock */,
				DB4210EF23DA76AB00437AD9 /* Cuckoo */,
				08988C8923D5E27A00BAA135 /* Sources */,
				08988C8A23D5E27A00BAA135 /* Frameworks */,
				08988C8B23D5E27A00BAA135 /* Resources */,
				04F33428EB57F7B1A61B1930 /* [CP] Embed Pods Frameworks */,
				089A8CEB23D8B29B000C2F10 /* Carthage */,
			);
			buildRules = (
			);
			dependencies = (
				08988C8F23D5E27A00BAA135 /* PBXTargetDependency */,
			);
			name = HiraganaTranslatorTests;
			productName = HiraganaTranslatorTests;
			productReference = 08988C8D23D5E27A00BAA135 /* HiraganaTranslatorTests.xctest */;
			productType = "com.apple.product-type.bundle.unit-test";
		};
/* End PBXNativeTarget section */

/* Begin PBXProject section */
		08988C6F23D5E27600BAA135 /* Project object */ = {
			isa = PBXProject;
			attributes = {
				LastSwiftUpdateCheck = 1130;
				LastUpgradeCheck = 1130;
				ORGANIZATIONNAME = "Yohta Watanave";
				TargetAttributes = {
					08988C7623D5E27600BAA135 = {
						CreatedOnToolsVersion = 11.3;
					};
					08988C8C23D5E27A00BAA135 = {
						CreatedOnToolsVersion = 11.3;
						TestTargetID = 08988C7623D5E27600BAA135;
					};
				};
			};
			buildConfigurationList = 08988C7223D5E27600BAA135 /* Build configuration list for PBXProject "HiraganaTranslator" */;
			compatibilityVersion = "Xcode 9.3";
			developmentRegion = en;
			hasScannedForEncodings = 0;
			knownRegions = (
				en,
				Base,
			);
			mainGroup = 08988C6E23D5E27600BAA135;
			productRefGroup = 08988C7823D5E27600BAA135 /* Products */;
			projectDirPath = "";
			projectRoot = "";
			targets = (
				08988C7623D5E27600BAA135 /* HiraganaTranslator */,
				08988C8C23D5E27A00BAA135 /* HiraganaTranslatorTests */,
			);
		};
/* End PBXProject section */

/* Begin PBXResourcesBuildPhase section */
		08988C7523D5E27600BAA135 /* Resources */ = {
			isa = PBXResourcesBuildPhase;
			buildActionMask = 2147483647;
			files = (
				0819C98D23D854F70075B796 /* Secret.strings in Resources */,
				08C2610323DA3C9100E32E6E /* GoogleService-Info.plist in Resources */,
				08988C8723D5E27A00BAA135 /* LaunchScreen.storyboard in Resources */,
				089A8CFC23D8CCD2000C2F10 /* TextInputViewController.xib in Resources */,
				089A8CE223D89883000C2F10 /* mini-wakuwaku.otf in Resources */,
				08988C8423D5E27A00BAA135 /* Assets.xcassets in Resources */,
				DBF3AAFB23D9262500D71845 /* TranslateResultViewController.xib in Resources */,
				089A8CDF23D89442000C2F10 /* MenuViewController.xib in Resources */,
			);
			runOnlyForDeploymentPostprocessing = 0;
		};
		08988C8B23D5E27A00BAA135 /* Resources */ = {
			isa = PBXResourcesBuildPhase;
			buildActionMask = 2147483647;
			files = (
			);
			runOnlyForDeploymentPostprocessing = 0;
		};
/* End PBXResourcesBuildPhase section */

/* Begin PBXShellScriptBuildPhase section */
		04F33428EB57F7B1A61B1930 /* [CP] Embed Pods Frameworks */ = {
			isa = PBXShellScriptBuildPhase;
			buildActionMask = 2147483647;
			files = (
			);
			inputFileListPaths = (
				"${PODS_ROOT}/Target Support Files/Pods-HiraganaTranslatorTests/Pods-HiraganaTranslatorTests-frameworks-${CONFIGURATION}-input-files.xcfilelist",
			);
			name = "[CP] Embed Pods Frameworks";
			outputFileListPaths = (
				"${PODS_ROOT}/Target Support Files/Pods-HiraganaTranslatorTests/Pods-HiraganaTranslatorTests-frameworks-${CONFIGURATION}-output-files.xcfilelist",
			);
			runOnlyForDeploymentPostprocessing = 0;
			shellPath = /bin/sh;
			shellScript = "\"${PODS_ROOT}/Target Support Files/Pods-HiraganaTranslatorTests/Pods-HiraganaTranslatorTests-frameworks.sh\"\n";
			showEnvVarsInLog = 0;
		};
		0819C91323D7EF210075B796 /* Sourcery */ = {
			isa = PBXShellScriptBuildPhase;
			buildActionMask = 2147483647;
			files = (
			);
			inputFileListPaths = (
			);
			inputPaths = (
				$SRCROOT/$PRODUCT_NAME/view,
			);
			name = Sourcery;
			outputFileListPaths = (
			);
			outputPaths = (
				$SRCROOT/$PRODUCT_NAME/generated/ViewModel.generated.swift,
			);
			runOnlyForDeploymentPostprocessing = 0;
			shellPath = /bin/sh;
			shellScript = "$PODS_ROOT/Sourcery/bin/sourcery \\\n    --sources $SRCROOT/$PRODUCT_NAME/ \\\n    --templates $SRCROOT/$PRODUCT_NAME/supportingFiles/stencil \\\n    --output $SRCROOT/$PRODUCT_NAME/generated \\\n    --disableCache\n";
		};
		08453E9E23DB90B2007F773A /* fixtures */ = {
			isa = PBXShellScriptBuildPhase;
			buildActionMask = 2147483647;
			files = (
			);
			inputFileListPaths = (
			);
			inputPaths = (
			);
			name = fixtures;
			outputFileListPaths = (
			);
			outputPaths = (
			);
			runOnlyForDeploymentPostprocessing = 0;
			shellPath = /bin/sh;
			shellScript = "if [[ $CONFIGURATION =~ Debug ]] ; then\n    echo \"Copy fixtures\"\n    cp -r $SRCROOT/$PRODUCT_NAME/supportingFiles/fixtures  ${TARGET_BUILD_DIR}/${UNLOCALIZED_RESOURCES_FOLDER_PATH}/\nfi\n";
		};
		08A9AC4023D5F08200C3DAE5 /* Carthage */ = {
			isa = PBXShellScriptBuildPhase;
			buildActionMask = 2147483647;
			files = (
			);
			inputFileListPaths = (
				"$(SRCROOT)/input.xcfilelist",
			);
			inputPaths = (
			);
			name = Carthage;
			outputFileListPaths = (
				"$(SRCROOT)/output.xcfilelist",
			);
			outputPaths = (
			);
			runOnlyForDeploymentPostprocessing = 0;
			shellPath = /bin/sh;
			shellScript = "/usr/local/bin/carthage copy-frameworks\n";
		};
		08A9AC4D23D5F56100C3DAE5 /* R.swift */ = {
			isa = PBXShellScriptBuildPhase;
			buildActionMask = 2147483647;
			files = (
			);
			inputFileListPaths = (
			);
			inputPaths = (
				"$TEMP_DIR/rswift-lastrun",
			);
			name = R.swift;
			outputFileListPaths = (
			);
			outputPaths = (
				$SRCROOT/$PRODUCT_NAME/generated/R.generated.swift,
			);
			runOnlyForDeploymentPostprocessing = 0;
			shellPath = /bin/sh;
			shellScript = "$PODS_ROOT/R.swift/rswift generate $SRCROOT/$PRODUCT_NAME/generated/R.generated.swift\n";
		};
		08A9AC5023D5F5B300C3DAE5 /* Swiftlint */ = {
			isa = PBXShellScriptBuildPhase;
			buildActionMask = 2147483647;
			files = (
			);
			inputFileListPaths = (
			);
			inputPaths = (
			);
			name = Swiftlint;
			outputFileListPaths = (
			);
			outputPaths = (
			);
			runOnlyForDeploymentPostprocessing = 0;
			shellPath = /bin/sh;
			shellScript = "${PODS_ROOT}/SwiftLint/swiftlint\n";
		};
		429D5B3D7D07A4067A92B824 /* [CP] Embed Pods Frameworks */ = {
			isa = PBXShellScriptBuildPhase;
			buildActionMask = 2147483647;
			files = (
			);
			inputFileListPaths = (
				"${PODS_ROOT}/Target Support Files/Pods-HiraganaTranslator/Pods-HiraganaTranslator-frameworks-${CONFIGURATION}-input-files.xcfilelist",
			);
			name = "[CP] Embed Pods Frameworks";
			outputFileListPaths = (
				"${PODS_ROOT}/Target Support Files/Pods-HiraganaTranslator/Pods-HiraganaTranslator-frameworks-${CONFIGURATION}-output-files.xcfilelist",
			);
			runOnlyForDeploymentPostprocessing = 0;
			shellPath = /bin/sh;
			shellScript = "\"${PODS_ROOT}/Target Support Files/Pods-HiraganaTranslator/Pods-HiraganaTranslator-frameworks.sh\"\n";
			showEnvVarsInLog = 0;
		};
		43CEC780DDE62B360512A757 /* [CP] Check Pods Manifest.lock */ = {
			isa = PBXShellScriptBuildPhase;
			buildActionMask = 2147483647;
			files = (
			);
			inputFileListPaths = (
			);
			inputPaths = (
				"${PODS_PODFILE_DIR_PATH}/Podfile.lock",
				"${PODS_ROOT}/Manifest.lock",
			);
			name = "[CP] Check Pods Manifest.lock";
			outputFileListPaths = (
			);
			outputPaths = (
				"$(DERIVED_FILE_DIR)/Pods-HiraganaTranslator-checkManifestLockResult.txt",
			);
			runOnlyForDeploymentPostprocessing = 0;
			shellPath = /bin/sh;
			shellScript = "diff \"${PODS_PODFILE_DIR_PATH}/Podfile.lock\" \"${PODS_ROOT}/Manifest.lock\" > /dev/null\nif [ $? != 0 ] ; then\n    # print error to STDERR\n    echo \"error: The sandbox is not in sync with the Podfile.lock. Run 'pod install' or update your CocoaPods installation.\" >&2\n    exit 1\nfi\n# This output is used by Xcode 'outputs' to avoid re-running this script phase.\necho \"SUCCESS\" > \"${SCRIPT_OUTPUT_FILE_0}\"\n";
			showEnvVarsInLog = 0;
		};
		828C6C477D38C4FDB74DCF7D /* [CP] Check Pods Manifest.lock */ = {
			isa = PBXShellScriptBuildPhase;
			buildActionMask = 2147483647;
			files = (
			);
			inputFileListPaths = (
			);
			inputPaths = (
				"${PODS_PODFILE_DIR_PATH}/Podfile.lock",
				"${PODS_ROOT}/Manifest.lock",
			);
			name = "[CP] Check Pods Manifest.lock";
			outputFileListPaths = (
			);
			outputPaths = (
				"$(DERIVED_FILE_DIR)/Pods-HiraganaTranslatorTests-checkManifestLockResult.txt",
			);
			runOnlyForDeploymentPostprocessing = 0;
			shellPath = /bin/sh;
			shellScript = "diff \"${PODS_PODFILE_DIR_PATH}/Podfile.lock\" \"${PODS_ROOT}/Manifest.lock\" > /dev/null\nif [ $? != 0 ] ; then\n    # print error to STDERR\n    echo \"error: The sandbox is not in sync with the Podfile.lock. Run 'pod install' or update your CocoaPods installation.\" >&2\n    exit 1\nfi\n# This output is used by Xcode 'outputs' to avoid re-running this script phase.\necho \"SUCCESS\" > \"${SCRIPT_OUTPUT_FILE_0}\"\n";
			showEnvVarsInLog = 0;
		};
		DB4210EF23DA76AB00437AD9 /* Cuckoo */ = {
			isa = PBXShellScriptBuildPhase;
			buildActionMask = 2147483647;
			files = (
			);
			inputFileListPaths = (
			);
			inputPaths = (
			);
			name = Cuckoo;
			outputFileListPaths = (
			);
			outputPaths = (
				"$PROJECT_DIR/${PROJECT_NAME}Tests/generated/ViewModelMocks.generated.swift",
				"$PROJECT_DIR/${PROJECT_NAME}Tests/generated/PasteBoardModelMock.generated.swift",
				"$PROJECT_DIR/${PROJECT_NAME}Tests/generated/TextRecognizeModelMock.generated.swift",
			);
			runOnlyForDeploymentPostprocessing = 0;
			shellPath = /bin/sh;
			shellScript = "# generate mock for ViewModel\nCarthage/Checkouts/Cuckoo/run generate \\\n    --testable \\\n    \"$PROJECT_NAME\" mocking \\\n    --output \"$PROJECT_DIR/${PROJECT_NAME}Tests/generated/ViewModelMocks.generated.swift\" \\\n    $(find $PROJECT_DIR/$PROJECT_NAME/view/ -name *ViewModel.swift -print0 | xargs -0)\n\n# generate mock for Models\nCarthage/Checkouts/Cuckoo/run generate \\\n    --testable \"$PROJECT_NAME\" \\\n    --output \"$PROJECT_DIR/${PROJECT_NAME}Tests/generated/PasteBoardModelMock.generated.swift\" \\\n    $PROJECT_DIR/$PROJECT_NAME/model/PasteBoardModel.swift\nCarthage/Checkouts/Cuckoo/run generate \\\n    --testable \"$PROJECT_NAME\" \\\n    --output \"$PROJECT_DIR/${PROJECT_NAME}Tests/generated/TextRecognizeModelMock.generated.swift\" \\\n    $PROJECT_DIR/$PROJECT_NAME/model/TextRecognizeModel.swift\nCarthage/Checkouts/Cuckoo/run generate \\\n    --testable \"$PROJECT_NAME\" \\\n    --output \"$PROJECT_DIR/${PROJECT_NAME}Tests/generated/TranslateApiMock.generated.swift\" \\\n    $PROJECT_DIR/$PROJECT_NAME/model/TranslateApi.swift\n";
		};
/* End PBXShellScriptBuildPhase section */

/* Begin PBXSourcesBuildPhase section */
		08988C7323D5E27600BAA135 /* Sources */ = {
			isa = PBXSourcesBuildPhase;
			buildActionMask = 2147483647;
			files = (
				089A8CFA23D8CCAA000C2F10 /* TextInputViewModel.swift in Sources */,
				08988C7B23D5E27600BAA135 /* AppDelegate.swift in Sources */,
				DB197B0A23DA8CFE005542CC /* PasteBoardModel.swift in Sources */,
				089A8CF923D8CCAA000C2F10 /* TextInputContainer.swift in Sources */,
				0819C90223D7E2A70075B796 /* AssociatedObjectStore.swift in Sources */,
				0819C90523D7EA100075B796 /* UIAlertController+extension.swift in Sources */,
				0819C98523D841390075B796 /* TranslateApi.swift in Sources */,
				089A8CF823D8CCAA000C2F10 /* TextInputViewController.swift in Sources */,
				08C2610723DA4A1400E32E6E /* TextRecognizeModelStub.swift in Sources */,
				08AB284923D875FD005A479B /* TranslateApiStub.swift in Sources */,
				089A8CDD23D8940F000C2F10 /* MenuViewModel.swift in Sources */,
				0819C90823D7EC620075B796 /* AlertService.swift in Sources */,
				0819C98B23D850E20075B796 /* XMLParser.swift in Sources */,
				08C2610523DA47CA00E32E6E /* TextRecognizeModel.swift in Sources */,
				08988C7D23D5E27600BAA135 /* SceneDelegate.swift in Sources */,
				089A8CD723D893C0000C2F10 /* AppContainer.swift in Sources */,
				DBF3AAF723D9259300D71845 /* TranslateResultViewController.swift in Sources */,
				0819C91523D7EFEC0075B796 /* ViewModel.generated.swift in Sources */,
				08ABE3E123D910BB00973C2A /* RoundTextView.swift in Sources */,
				089A8CDB23D8940F000C2F10 /* MenuViewController.swift in Sources */,
				089A8CD223D88EF3000C2F10 /* main.swift in Sources */,
				0819C8FC23D7E07A0075B796 /* Async.swift in Sources */,
				0819C8FE23D7E0D00075B796 /* ErrorTranslator.swift in Sources */,
				08A9AC4F23D5F59000C3DAE5 /* R.generated.swift in Sources */,
				08C2610A23DA505A00E32E6E /* LoadingView.swift in Sources */,
				089A8CE623D8AC5F000C2F10 /* ThemeButton.swift in Sources */,
				089A8CE723D8AC5F000C2F10 /* CAGradientLayer+extension.swift in Sources */,
				DBF3AAF923D9259300D71845 /* TranslateResultViewModel.swift in Sources */,
				089A8CDC23D8940F000C2F10 /* MenuContainer.swift in Sources */,
				0819C90023D7E0F10075B796 /* ViewModel.swift in Sources */,
				DBF3AAF823D9259300D71845 /* TranslateResultContainer.swift in Sources */,
			);
			runOnlyForDeploymentPostprocessing = 0;
		};
		08988C8923D5E27A00BAA135 /* Sources */ = {
			isa = PBXSourcesBuildPhase;
			buildActionMask = 2147483647;
			files = (
				0819C96523D806590075B796 /* AlertServiceTest.swift in Sources */,
				08AB284C23D87BF0005A479B /* XMLParserTests.swift in Sources */,
				DBF3AAFE23D932A500D71845 /* TranslateResultViewControllerTests.swift in Sources */,
				0819C96723D8081C0075B796 /* TestUtil.swift in Sources */,
				0869AB9A23DBA8DD00156A52 /* TranslateApiMock.generated.swift in Sources */,
				089A8CEA23D8B111000C2F10 /* MenuViewControllerTests.swift in Sources */,
				084876CD23DB79E9005302D1 /* PasteBoardModelTests.swift in Sources */,
				08A7D6FA23DB9E560073A85F /* TextRecognizeModelMock.generated.swift in Sources */,
				089A8CD423D88F46000C2F10 /* TestAppDelegate.swift in Sources */,
				08A7D6F923DB9E560073A85F /* PasteBoardModelMock.generated.swift in Sources */,
				08258D5923D915990084D51E /* TextInputViewControllerTests.swift in Sources */,
				089A8CF323D8B675000C2F10 /* SnapshotHelper.swift in Sources */,
				084876D523DB8680005302D1 /* MenuViewModelTests.swift in Sources */,
				08A7D6F623DB9DA90073A85F /* ViewModelMocks.generated.swift in Sources */,
			);
			runOnlyForDeploymentPostprocessing = 0;
		};
/* End PBXSourcesBuildPhase section */

/* Begin PBXTargetDependency section */
		08988C8F23D5E27A00BAA135 /* PBXTargetDependency */ = {
			isa = PBXTargetDependency;
			target = 08988C7623D5E27600BAA135 /* HiraganaTranslator */;
			targetProxy = 08988C8E23D5E27A00BAA135 /* PBXContainerItemProxy */;
		};
/* End PBXTargetDependency section */

/* Begin PBXVariantGroup section */
		08988C8523D5E27A00BAA135 /* LaunchScreen.storyboard */ = {
			isa = PBXVariantGroup;
			children = (
				08988C8623D5E27A00BAA135 /* Base */,
			);
			name = LaunchScreen.storyboard;
			sourceTree = "<group>";
		};
/* End PBXVariantGroup section */

/* Begin XCBuildConfiguration section */
		08988C9423D5E27A00BAA135 /* Debug */ = {
			isa = XCBuildConfiguration;
			baseConfigurationReference = 08A9AC5523D600A200C3DAE5 /* Debug.xcconfig */;
			buildSettings = {
				ALWAYS_SEARCH_USER_PATHS = NO;
				CLANG_ANALYZER_NONNULL = YES;
				CLANG_ANALYZER_NUMBER_OBJECT_CONVERSION = YES_AGGRESSIVE;
				CLANG_CXX_LANGUAGE_STANDARD = "gnu++14";
				CLANG_CXX_LIBRARY = "libc++";
				CLANG_ENABLE_MODULES = YES;
				CLANG_ENABLE_OBJC_ARC = YES;
				CLANG_ENABLE_OBJC_WEAK = YES;
				CLANG_WARN_BLOCK_CAPTURE_AUTORELEASING = YES;
				CLANG_WARN_BOOL_CONVERSION = YES;
				CLANG_WARN_COMMA = YES;
				CLANG_WARN_CONSTANT_CONVERSION = YES;
				CLANG_WARN_DEPRECATED_OBJC_IMPLEMENTATIONS = YES;
				CLANG_WARN_DIRECT_OBJC_ISA_USAGE = YES_ERROR;
				CLANG_WARN_DOCUMENTATION_COMMENTS = YES;
				CLANG_WARN_EMPTY_BODY = YES;
				CLANG_WARN_ENUM_CONVERSION = YES;
				CLANG_WARN_INFINITE_RECURSION = YES;
				CLANG_WARN_INT_CONVERSION = YES;
				CLANG_WARN_NON_LITERAL_NULL_CONVERSION = YES;
				CLANG_WARN_OBJC_IMPLICIT_RETAIN_SELF = YES;
				CLANG_WARN_OBJC_LITERAL_CONVERSION = YES;
				CLANG_WARN_OBJC_ROOT_CLASS = YES_ERROR;
				CLANG_WARN_RANGE_LOOP_ANALYSIS = YES;
				CLANG_WARN_STRICT_PROTOTYPES = YES;
				CLANG_WARN_SUSPICIOUS_MOVE = YES;
				CLANG_WARN_UNGUARDED_AVAILABILITY = YES_AGGRESSIVE;
				CLANG_WARN_UNREACHABLE_CODE = YES;
				CLANG_WARN__DUPLICATE_METHOD_MATCH = YES;
				COPY_PHASE_STRIP = NO;
				DEBUG_INFORMATION_FORMAT = dwarf;
				ENABLE_STRICT_OBJC_MSGSEND = YES;
				ENABLE_TESTABILITY = YES;
				GCC_C_LANGUAGE_STANDARD = gnu11;
				GCC_DYNAMIC_NO_PIC = NO;
				GCC_NO_COMMON_BLOCKS = YES;
				GCC_OPTIMIZATION_LEVEL = 0;
				GCC_PREPROCESSOR_DEFINITIONS = (
					"DEBUG=1",
					"$(inherited)",
				);
				GCC_WARN_64_TO_32_BIT_CONVERSION = YES;
				GCC_WARN_ABOUT_RETURN_TYPE = YES_ERROR;
				GCC_WARN_UNDECLARED_SELECTOR = YES;
				GCC_WARN_UNINITIALIZED_AUTOS = YES_AGGRESSIVE;
				GCC_WARN_UNUSED_FUNCTION = YES;
				GCC_WARN_UNUSED_VARIABLE = YES;
				IPHONEOS_DEPLOYMENT_TARGET = 13.2;
				MTL_ENABLE_DEBUG_INFO = INCLUDE_SOURCE;
				MTL_FAST_MATH = YES;
				ONLY_ACTIVE_ARCH = YES;
				SDKROOT = iphoneos;
				SWIFT_ACTIVE_COMPILATION_CONDITIONS = DEBUG;
				SWIFT_OPTIMIZATION_LEVEL = "-Onone";
			};
			name = Debug;
		};
		08988C9523D5E27A00BAA135 /* Release */ = {
			isa = XCBuildConfiguration;
			baseConfigurationReference = 08A9AC5723D600C500C3DAE5 /* Release.xcconfig */;
			buildSettings = {
				ALWAYS_SEARCH_USER_PATHS = NO;
				CLANG_ANALYZER_NONNULL = YES;
				CLANG_ANALYZER_NUMBER_OBJECT_CONVERSION = YES_AGGRESSIVE;
				CLANG_CXX_LANGUAGE_STANDARD = "gnu++14";
				CLANG_CXX_LIBRARY = "libc++";
				CLANG_ENABLE_MODULES = YES;
				CLANG_ENABLE_OBJC_ARC = YES;
				CLANG_ENABLE_OBJC_WEAK = YES;
				CLANG_WARN_BLOCK_CAPTURE_AUTORELEASING = YES;
				CLANG_WARN_BOOL_CONVERSION = YES;
				CLANG_WARN_COMMA = YES;
				CLANG_WARN_CONSTANT_CONVERSION = YES;
				CLANG_WARN_DEPRECATED_OBJC_IMPLEMENTATIONS = YES;
				CLANG_WARN_DIRECT_OBJC_ISA_USAGE = YES_ERROR;
				CLANG_WARN_DOCUMENTATION_COMMENTS = YES;
				CLANG_WARN_EMPTY_BODY = YES;
				CLANG_WARN_ENUM_CONVERSION = YES;
				CLANG_WARN_INFINITE_RECURSION = YES;
				CLANG_WARN_INT_CONVERSION = YES;
				CLANG_WARN_NON_LITERAL_NULL_CONVERSION = YES;
				CLANG_WARN_OBJC_IMPLICIT_RETAIN_SELF = YES;
				CLANG_WARN_OBJC_LITERAL_CONVERSION = YES;
				CLANG_WARN_OBJC_ROOT_CLASS = YES_ERROR;
				CLANG_WARN_RANGE_LOOP_ANALYSIS = YES;
				CLANG_WARN_STRICT_PROTOTYPES = YES;
				CLANG_WARN_SUSPICIOUS_MOVE = YES;
				CLANG_WARN_UNGUARDED_AVAILABILITY = YES_AGGRESSIVE;
				CLANG_WARN_UNREACHABLE_CODE = YES;
				CLANG_WARN__DUPLICATE_METHOD_MATCH = YES;
				COPY_PHASE_STRIP = NO;
				DEBUG_INFORMATION_FORMAT = "dwarf-with-dsym";
				ENABLE_NS_ASSERTIONS = NO;
				ENABLE_STRICT_OBJC_MSGSEND = YES;
				GCC_C_LANGUAGE_STANDARD = gnu11;
				GCC_NO_COMMON_BLOCKS = YES;
				GCC_WARN_64_TO_32_BIT_CONVERSION = YES;
				GCC_WARN_ABOUT_RETURN_TYPE = YES_ERROR;
				GCC_WARN_UNDECLARED_SELECTOR = YES;
				GCC_WARN_UNINITIALIZED_AUTOS = YES_AGGRESSIVE;
				GCC_WARN_UNUSED_FUNCTION = YES;
				GCC_WARN_UNUSED_VARIABLE = YES;
				IPHONEOS_DEPLOYMENT_TARGET = 13.2;
				MTL_ENABLE_DEBUG_INFO = NO;
				MTL_FAST_MATH = YES;
				SDKROOT = iphoneos;
				SWIFT_COMPILATION_MODE = wholemodule;
				SWIFT_OPTIMIZATION_LEVEL = "-O";
				VALIDATE_PRODUCT = YES;
			};
			name = Release;
		};
		08988C9723D5E27A00BAA135 /* Debug */ = {
			isa = XCBuildConfiguration;
			baseConfigurationReference = 1A0406D1DAEA05C3697F5761 /* Pods-HiraganaTranslator.debug.xcconfig */;
			buildSettings = {
				ASSETCATALOG_COMPILER_APPICON_NAME = AppIcon;
				FRAMEWORK_SEARCH_PATHS = (
					"$(inherited)",
					"$(PROJECT_DIR)/Carthage/Build/iOS",
				);
				INFOPLIST_FILE = HiraganaTranslator/Info.plist;
				LD_RUNPATH_SEARCH_PATHS = (
					"$(inherited)",
					"@executable_path/Frameworks",
				);
				PRODUCT_BUNDLE_IDENTIFIER = tech.watanave.HiraganaTranslator;
				PRODUCT_NAME = "$(TARGET_NAME)";
				SWIFT_VERSION = 5.0;
				TARGETED_DEVICE_FAMILY = "1,2";
			};
			name = Debug;
		};
		08988C9823D5E27A00BAA135 /* Release */ = {
			isa = XCBuildConfiguration;
			baseConfigurationReference = 06B0DB1E939CAFA15A0C11F0 /* Pods-HiraganaTranslator.release.xcconfig */;
			buildSettings = {
				ASSETCATALOG_COMPILER_APPICON_NAME = AppIcon;
				FRAMEWORK_SEARCH_PATHS = (
					"$(inherited)",
					"$(PROJECT_DIR)/Carthage/Build/iOS",
				);
				INFOPLIST_FILE = HiraganaTranslator/Info.plist;
				LD_RUNPATH_SEARCH_PATHS = (
					"$(inherited)",
					"@executable_path/Frameworks",
				);
				PRODUCT_BUNDLE_IDENTIFIER = tech.watanave.HiraganaTranslator;
				PRODUCT_NAME = "$(TARGET_NAME)";
				SWIFT_VERSION = 5.0;
				TARGETED_DEVICE_FAMILY = "1,2";
			};
			name = Release;
		};
		08988C9A23D5E27A00BAA135 /* Debug */ = {
			isa = XCBuildConfiguration;
			baseConfigurationReference = F6D9B96279B959B8F0300CE5 /* Pods-HiraganaTranslatorTests.debug.xcconfig */;
			buildSettings = {
				BUNDLE_LOADER = "$(TEST_HOST)";
				CODE_SIGN_STYLE = Automatic;
				FRAMEWORK_SEARCH_PATHS = (
					"$(inherited)",
					"\"$(PLATFORM_DIR)/Developer/Library/Frameworks\"",
					"\"${PODS_CONFIGURATION_BUILD_DIR}/R.swift.Library\"",
					"\"${PODS_CONFIGURATION_BUILD_DIR}/iOSSnapshotTestCase\"",
					"$(PROJECT_DIR)/Carthage/Build/iOS",
				);
				INFOPLIST_FILE = HiraganaTranslatorTests/Info.plist;
				IPHONEOS_DEPLOYMENT_TARGET = 13.2;
				LD_RUNPATH_SEARCH_PATHS = (
					"$(inherited)",
					"@executable_path/Frameworks",
					"@loader_path/Frameworks",
				);
				PRODUCT_BUNDLE_IDENTIFIER = tech.watanave.HiraganaTranslatorTests;
				PRODUCT_NAME = "$(TARGET_NAME)";
				SWIFT_VERSION = 5.0;
				TARGETED_DEVICE_FAMILY = "1,2";
				TEST_HOST = "$(BUILT_PRODUCTS_DIR)/HiraganaTranslator.app/HiraganaTranslator";
			};
			name = Debug;
		};
		08988C9B23D5E27A00BAA135 /* Release */ = {
			isa = XCBuildConfiguration;
			baseConfigurationReference = 4B7B19D23C14E2126A848D45 /* Pods-HiraganaTranslatorTests.release.xcconfig */;
			buildSettings = {
				BUNDLE_LOADER = "$(TEST_HOST)";
				CODE_SIGN_STYLE = Automatic;
				FRAMEWORK_SEARCH_PATHS = (
					"$(inherited)",
					"\"$(PLATFORM_DIR)/Developer/Library/Frameworks\"",
					"\"${PODS_CONFIGURATION_BUILD_DIR}/R.swift.Library\"",
					"\"${PODS_CONFIGURATION_BUILD_DIR}/iOSSnapshotTestCase\"",
					"$(PROJECT_DIR)/Carthage/Build/iOS",
				);
				INFOPLIST_FILE = HiraganaTranslatorTests/Info.plist;
				IPHONEOS_DEPLOYMENT_TARGET = 13.2;
				LD_RUNPATH_SEARCH_PATHS = (
					"$(inherited)",
					"@executable_path/Frameworks",
					"@loader_path/Frameworks",
				);
				PRODUCT_BUNDLE_IDENTIFIER = tech.watanave.HiraganaTranslatorTests;
				PRODUCT_NAME = "$(TARGET_NAME)";
				SWIFT_VERSION = 5.0;
				TARGETED_DEVICE_FAMILY = "1,2";
				TEST_HOST = "$(BUILT_PRODUCTS_DIR)/HiraganaTranslator.app/HiraganaTranslator";
			};
			name = Release;
		};
		08A9AC5123D6007200C3DAE5 /* Debug-Stub */ = {
			isa = XCBuildConfiguration;
			baseConfigurationReference = 08A9AC5623D600B900C3DAE5 /* Debug-Stub.xcconfig */;
			buildSettings = {
				ALWAYS_SEARCH_USER_PATHS = NO;
				CLANG_ANALYZER_NONNULL = YES;
				CLANG_ANALYZER_NUMBER_OBJECT_CONVERSION = YES_AGGRESSIVE;
				CLANG_CXX_LANGUAGE_STANDARD = "gnu++14";
				CLANG_CXX_LIBRARY = "libc++";
				CLANG_ENABLE_MODULES = YES;
				CLANG_ENABLE_OBJC_ARC = YES;
				CLANG_ENABLE_OBJC_WEAK = YES;
				CLANG_WARN_BLOCK_CAPTURE_AUTORELEASING = YES;
				CLANG_WARN_BOOL_CONVERSION = YES;
				CLANG_WARN_COMMA = YES;
				CLANG_WARN_CONSTANT_CONVERSION = YES;
				CLANG_WARN_DEPRECATED_OBJC_IMPLEMENTATIONS = YES;
				CLANG_WARN_DIRECT_OBJC_ISA_USAGE = YES_ERROR;
				CLANG_WARN_DOCUMENTATION_COMMENTS = YES;
				CLANG_WARN_EMPTY_BODY = YES;
				CLANG_WARN_ENUM_CONVERSION = YES;
				CLANG_WARN_INFINITE_RECURSION = YES;
				CLANG_WARN_INT_CONVERSION = YES;
				CLANG_WARN_NON_LITERAL_NULL_CONVERSION = YES;
				CLANG_WARN_OBJC_IMPLICIT_RETAIN_SELF = YES;
				CLANG_WARN_OBJC_LITERAL_CONVERSION = YES;
				CLANG_WARN_OBJC_ROOT_CLASS = YES_ERROR;
				CLANG_WARN_RANGE_LOOP_ANALYSIS = YES;
				CLANG_WARN_STRICT_PROTOTYPES = YES;
				CLANG_WARN_SUSPICIOUS_MOVE = YES;
				CLANG_WARN_UNGUARDED_AVAILABILITY = YES_AGGRESSIVE;
				CLANG_WARN_UNREACHABLE_CODE = YES;
				CLANG_WARN__DUPLICATE_METHOD_MATCH = YES;
				COPY_PHASE_STRIP = NO;
				DEBUG_INFORMATION_FORMAT = dwarf;
				ENABLE_STRICT_OBJC_MSGSEND = YES;
				ENABLE_TESTABILITY = YES;
				GCC_C_LANGUAGE_STANDARD = gnu11;
				GCC_DYNAMIC_NO_PIC = NO;
				GCC_NO_COMMON_BLOCKS = YES;
				GCC_OPTIMIZATION_LEVEL = 0;
				GCC_PREPROCESSOR_DEFINITIONS = (
					"DEBUG=1",
					"$(inherited)",
				);
				GCC_WARN_64_TO_32_BIT_CONVERSION = YES;
				GCC_WARN_ABOUT_RETURN_TYPE = YES_ERROR;
				GCC_WARN_UNDECLARED_SELECTOR = YES;
				GCC_WARN_UNINITIALIZED_AUTOS = YES_AGGRESSIVE;
				GCC_WARN_UNUSED_FUNCTION = YES;
				GCC_WARN_UNUSED_VARIABLE = YES;
				IPHONEOS_DEPLOYMENT_TARGET = 13.2;
				MTL_ENABLE_DEBUG_INFO = INCLUDE_SOURCE;
				MTL_FAST_MATH = YES;
				ONLY_ACTIVE_ARCH = YES;
				SDKROOT = iphoneos;
				SWIFT_ACTIVE_COMPILATION_CONDITIONS = DEBUG;
				SWIFT_OPTIMIZATION_LEVEL = "-Onone";
			};
			name = "Debug-Stub";
		};
		08A9AC5223D6007200C3DAE5 /* Debug-Stub */ = {
			isa = XCBuildConfiguration;
			baseConfigurationReference = 566DC8C0485EE8977C217298 /* Pods-HiraganaTranslator.debug-stub.xcconfig */;
			buildSettings = {
				ASSETCATALOG_COMPILER_APPICON_NAME = AppIcon;
				FRAMEWORK_SEARCH_PATHS = (
					"$(inherited)",
					"$(PROJECT_DIR)/Carthage/Build/iOS",
				);
				INFOPLIST_FILE = HiraganaTranslator/Info.plist;
				LD_RUNPATH_SEARCH_PATHS = (
					"$(inherited)",
					"@executable_path/Frameworks",
				);
				PRODUCT_BUNDLE_IDENTIFIER = tech.watanave.HiraganaTranslator;
				PRODUCT_NAME = "$(TARGET_NAME)";
				SWIFT_VERSION = 5.0;
				TARGETED_DEVICE_FAMILY = "1,2";
			};
			name = "Debug-Stub";
		};
		08A9AC5323D6007200C3DAE5 /* Debug-Stub */ = {
			isa = XCBuildConfiguration;
			baseConfigurationReference = 5FEC31C01376C2DD0DFFAB83 /* Pods-HiraganaTranslatorTests.debug-stub.xcconfig */;
			buildSettings = {
				BUNDLE_LOADER = "$(TEST_HOST)";
				CODE_SIGN_STYLE = Automatic;
				FRAMEWORK_SEARCH_PATHS = (
					"$(inherited)",
					"\"$(PLATFORM_DIR)/Developer/Library/Frameworks\"",
					"\"${PODS_CONFIGURATION_BUILD_DIR}/R.swift.Library\"",
					"\"${PODS_CONFIGURATION_BUILD_DIR}/iOSSnapshotTestCase\"",
					"$(PROJECT_DIR)/Carthage/Build/iOS",
				);
				INFOPLIST_FILE = HiraganaTranslatorTests/Info.plist;
				IPHONEOS_DEPLOYMENT_TARGET = 13.2;
				LD_RUNPATH_SEARCH_PATHS = (
					"$(inherited)",
					"@executable_path/Frameworks",
					"@loader_path/Frameworks",
				);
				PRODUCT_BUNDLE_IDENTIFIER = tech.watanave.HiraganaTranslatorTests;
				PRODUCT_NAME = "$(TARGET_NAME)";
				SWIFT_VERSION = 5.0;
				TARGETED_DEVICE_FAMILY = "1,2";
				TEST_HOST = "$(BUILT_PRODUCTS_DIR)/HiraganaTranslator.app/HiraganaTranslator";
			};
			name = "Debug-Stub";
		};
/* End XCBuildConfiguration section */

/* Begin XCConfigurationList section */
		08988C7223D5E27600BAA135 /* Build configuration list for PBXProject "HiraganaTranslator" */ = {
			isa = XCConfigurationList;
			buildConfigurations = (
				08988C9423D5E27A00BAA135 /* Debug */,
				08A9AC5123D6007200C3DAE5 /* Debug-Stub */,
				08988C9523D5E27A00BAA135 /* Release */,
			);
			defaultConfigurationIsVisible = 0;
			defaultConfigurationName = Release;
		};
		08988C9623D5E27A00BAA135 /* Build configuration list for PBXNativeTarget "HiraganaTranslator" */ = {
			isa = XCConfigurationList;
			buildConfigurations = (
				08988C9723D5E27A00BAA135 /* Debug */,
				08A9AC5223D6007200C3DAE5 /* Debug-Stub */,
				08988C9823D5E27A00BAA135 /* Release */,
			);
			defaultConfigurationIsVisible = 0;
			defaultConfigurationName = Release;
		};
		08988C9923D5E27A00BAA135 /* Build configuration list for PBXNativeTarget "HiraganaTranslatorTests" */ = {
			isa = XCConfigurationList;
			buildConfigurations = (
				08988C9A23D5E27A00BAA135 /* Debug */,
				08A9AC5323D6007200C3DAE5 /* Debug-Stub */,
				08988C9B23D5E27A00BAA135 /* Release */,
			);
			defaultConfigurationIsVisible = 0;
			defaultConfigurationName = Release;
		};
/* End XCConfigurationList section */
	};
	rootObject = 08988C6F23D5E27600BAA135 /* Project object */;
}
